{
  "version": 4,
  "terraform_version": "1.5.2",
  "serial": 11,
  "lineage": "c88879de-9e54-459a-08b3-51821f548bda",
  "outputs": {},
  "resources": [
    {
      "mode": "managed",
      "type": "maas_machine",
      "name": "m_1",
      "provider": "provider[\"registry.terraform.io/maas/maas\"]",
      "instances": [
        {
          "index_key": 0,
          "schema_version": 0,
          "attributes": {
            "architecture": "amd64/generic",
            "domain": "maas",
            "hostname": "oryx",
            "id": "estpa3",
            "min_hwe_kernel": "",
            "pool": "KVM-Hosts",
            "power_parameters": null,
            "power_type": "manual",
            "pxe_mac_address": "80:FA:5B:74:F0:FC",
            "timeouts": null,
            "zone": "default"
          },
          "sensitive_attributes": [],
          "private": "eyJlMmJmYjczMC1lY2FhLTExZTYtOGY4OC0zNDM2M2JjN2M0YzAiOnsiY3JlYXRlIjoxMjAwMDAwMDAwMDAwfX0="
        }
      ]
    },
    {
      "mode": "managed",
      "type": "maas_tag",
      "name": "kvm",
      "provider": "provider[\"registry.terraform.io/maas/maas\"]",
      "instances": [
        {
          "schema_version": 0,
          "attributes": {
            "id": "KVM",
            "machines": null,
            "name": "KVM"
          },
          "sensitive_attributes": [],
          "private": "bnVsbA=="
        }
      ]
    },
    {
      "mode": "managed",
      "type": "maas_tag",
      "name": "physical",
      "provider": "provider[\"registry.terraform.io/maas/maas\"]",
      "instances": [
        {
          "schema_version": 0,
          "attributes": {
            "id": "PHYSICAL",
            "machines": null,
            "name": "PHYSICAL"
          },
          "sensitive_attributes": [],
          "private": "bnVsbA=="
        }
      ]
    },
    {
      "mode": "managed",
      "type": "maas_vm_host",
      "name": "virsh_1",
      "provider": "provider[\"registry.terraform.io/maas/maas\"]",
      "instances": [
        {
          "index_key": 0,
          "schema_version": 0,
          "attributes": {
            "cpu_over_commit_ratio": 1,
            "default_macvlan_mode": "",
            "id": "73",
            "machine": "estpa3",
            "memory_over_commit_ratio": 1,
            "name": "oryx-host",
            "pool": "virsh_hosts",
            "power_address": null,
            "power_pass": null,
            "power_user": null,
            "resources_cores_total": 12,
            "resources_local_storage_total": 982821621760,
            "resources_memory_total": 64018,
            "tags": [
              "pod-console-logging",
              "virtual"
            ],
            "type": "virsh",
            "zone": "default"
          },
          "sensitive_attributes": [],
          "private": "bnVsbA==",
          "dependencies": [
            "maas_machine.m_1"
          ]
        }
      ]
    }
  ],
  "check_results": null
}
