{
  "version": 4,
  "terraform_version": "1.6.3",
  "serial": 14,
  "lineage": "eef079ce-8176-c512-e649-2fbef483a34a",
  "outputs": {
    "ip_list": {
      "value": [
        [
          [
            [
              "127.0.0.1"
            ],
            [
              "192.168.3.201"
            ]
          ],
          [
            [
              "127.0.0.1"
            ],
            [
              "192.168.3.189"
            ]
          ]
        ]
      ],
      "type": [
        "tuple",
        [
          [
            "tuple",
            [
              [
                "list",
                [
                  "list",
                  "string"
                ]
              ],
              [
                "list",
                [
                  "list",
                  "string"
                ]
              ]
            ]
          ]
        ]
      ]
    }
  },
  "resources": [
    {
      "mode": "data",
      "type": "local_file",
      "name": "config",
      "provider": "provider[\"registry.terraform.io/hashicorp/local\"]",
      "instances": [
        {
          "schema_version": 0,
          "attributes": {
            "content": "---\nvirtual_machine_globals:\n  node_name: \"pve\"\n  description: \"Managed by Terraform\"\n  tags:\n  - \"terraform\"\n  - \"ubuntu\"\n\nvirtual_machines:\n- description: \"GPU Node\"\n  tags:\n  - \"gpu-nvidia\"\n  name: \"vm-9901\"\n  vm_id: 9901\n  network_device_list:\n  - mac_address: \"00:00:00:00:99:01\"\n  clone:\n  - vm_id: 101\n  agent:\n  - enabled: true\n  operating_system:\n  - type: \"l26\"\n  vga:\n  - enabled: true\n    type: std\n  ################################################################################\n  # GPU PASS-THROUGH: START\n  ################################################################################\n  # Document a working GPU pass-through config.\n  # When the Nvidia GPU has a PCIe BUS ID = \"0000:01:00\",\n  # etc/pve/qemu-server/\u003cVM_ID\u003e.conf contained:\n  #   machine: q35\n  #   bios: ovmf\n  #   hostpci0: 0000:01:00,pcie=1\n  #   cpu: host,hidden=1,flags=+pcid\n  #   args: -cpu 'host,+kvm_pv_unhalt,+kvm_pv_eoi,hv_vendor_id=NV43FIX,kvm=off'\n  hostpci_list:\n  - device: \"hostpci0\"\n    id: \"0000:01:00\"\n    pcie: true\n  cpu:\n  - cores: 2\n    type: \"host\"\n    flags:\n    - \"+pcid\"\n  memory:\n  - ballooning: 32768\n  kvm_arguments: \"-cpu 'host,+kvm_pv_unhalt,+kvm_pv_eoi,hv_vendor_id=NV43FIX,kvm=off'\"\n  ################################################################################\n  # GPU PASS-THROUGH: END\n  ################################################################################\n  disk_list: # Skipping \u003cdisk-type\u003e0 since the first disk is for the OS\n  - interface: \"scsi1\"\n    file_format: \"raw\"\n    size: 9\n    ssd: true\n  - interface: \"scsi2\"\n    file_format: \"raw\"\n    size: 10\n    ssd: false\n  - interface: \"virtio1\"\n    file_format: \"raw\"\n    size: 11\n    ssd: true\n  - interface: \"virtio2\"\n    file_format: \"raw\"\n    size: 12\n    ssd: false\n- description: \"A normal node\"\n  tags:\n  - \"gpu-none\"\n  name: \"vm-9902\"\n  vm_id: 9902\n  network_device_list:\n  - mac_address: \"00:00:00:00:99:02\"\n  clone:\n  - vm_id: 101\n  agent:\n  - enabled: true\n  operating_system:\n  - type: \"l26\"\n  vga:\n  - enabled: true\n    type: std\n  hostpci_list: {}\n  cpu: {}\n  memory:\n  - ballooning: 12288\n  kvm_arguments: \"\"\n  disk_list: {}\n",
            "content_base64": "LS0tCnZpcnR1YWxfbWFjaGluZV9nbG9iYWxzOgogIG5vZGVfbmFtZTogInB2ZSIKICBkZXNjcmlwdGlvbjogIk1hbmFnZWQgYnkgVGVycmFmb3JtIgogIHRhZ3M6CiAgLSAidGVycmFmb3JtIgogIC0gInVidW50dSIKCnZpcnR1YWxfbWFjaGluZXM6Ci0gZGVzY3JpcHRpb246ICJHUFUgTm9kZSIKICB0YWdzOgogIC0gImdwdS1udmlkaWEiCiAgbmFtZTogInZtLTk5MDEiCiAgdm1faWQ6IDk5MDEKICBuZXR3b3JrX2RldmljZV9saXN0OgogIC0gbWFjX2FkZHJlc3M6ICIwMDowMDowMDowMDo5OTowMSIKICBjbG9uZToKICAtIHZtX2lkOiAxMDEKICBhZ2VudDoKICAtIGVuYWJsZWQ6IHRydWUKICBvcGVyYXRpbmdfc3lzdGVtOgogIC0gdHlwZTogImwyNiIKICB2Z2E6CiAgLSBlbmFibGVkOiB0cnVlCiAgICB0eXBlOiBzdGQKICAjIyMjIyMjIyMjIyMjIyMjIyMjIyMjIyMjIyMjIyMjIyMjIyMjIyMjIyMjIyMjIyMjIyMjIyMjIyMjIyMjIyMjIyMjIyMjIyMjIyMjIyMjIwogICMgR1BVIFBBU1MtVEhST1VHSDogU1RBUlQKICAjIyMjIyMjIyMjIyMjIyMjIyMjIyMjIyMjIyMjIyMjIyMjIyMjIyMjIyMjIyMjIyMjIyMjIyMjIyMjIyMjIyMjIyMjIyMjIyMjIyMjIyMjIwogICMgRG9jdW1lbnQgYSB3b3JraW5nIEdQVSBwYXNzLXRocm91Z2ggY29uZmlnLgogICMgV2hlbiB0aGUgTnZpZGlhIEdQVSBoYXMgYSBQQ0llIEJVUyBJRCA9ICIwMDAwOjAxOjAwIiwKICAjIGV0Yy9wdmUvcWVtdS1zZXJ2ZXIvPFZNX0lEPi5jb25mIGNvbnRhaW5lZDoKICAjICAgbWFjaGluZTogcTM1CiAgIyAgIGJpb3M6IG92bWYKICAjICAgaG9zdHBjaTA6IDAwMDA6MDE6MDAscGNpZT0xCiAgIyAgIGNwdTogaG9zdCxoaWRkZW49MSxmbGFncz0rcGNpZAogICMgICBhcmdzOiAtY3B1ICdob3N0LCtrdm1fcHZfdW5oYWx0LCtrdm1fcHZfZW9pLGh2X3ZlbmRvcl9pZD1OVjQzRklYLGt2bT1vZmYnCiAgaG9zdHBjaV9saXN0OgogIC0gZGV2aWNlOiAiaG9zdHBjaTAiCiAgICBpZDogIjAwMDA6MDE6MDAiCiAgICBwY2llOiB0cnVlCiAgY3B1OgogIC0gY29yZXM6IDIKICAgIHR5cGU6ICJob3N0IgogICAgZmxhZ3M6CiAgICAtICIrcGNpZCIKICBtZW1vcnk6CiAgLSBiYWxsb29uaW5nOiAzMjc2OAogIGt2bV9hcmd1bWVudHM6ICItY3B1ICdob3N0LCtrdm1fcHZfdW5oYWx0LCtrdm1fcHZfZW9pLGh2X3ZlbmRvcl9pZD1OVjQzRklYLGt2bT1vZmYnIgogICMjIyMjIyMjIyMjIyMjIyMjIyMjIyMjIyMjIyMjIyMjIyMjIyMjIyMjIyMjIyMjIyMjIyMjIyMjIyMjIyMjIyMjIyMjIyMjIyMjIyMjIyMjCiAgIyBHUFUgUEFTUy1USFJPVUdIOiBFTkQKICAjIyMjIyMjIyMjIyMjIyMjIyMjIyMjIyMjIyMjIyMjIyMjIyMjIyMjIyMjIyMjIyMjIyMjIyMjIyMjIyMjIyMjIyMjIyMjIyMjIyMjIyMjIwogIGRpc2tfbGlzdDogIyBTa2lwcGluZyA8ZGlzay10eXBlPjAgc2luY2UgdGhlIGZpcnN0IGRpc2sgaXMgZm9yIHRoZSBPUwogIC0gaW50ZXJmYWNlOiAic2NzaTEiCiAgICBmaWxlX2Zvcm1hdDogInJhdyIKICAgIHNpemU6IDkKICAgIHNzZDogdHJ1ZQogIC0gaW50ZXJmYWNlOiAic2NzaTIiCiAgICBmaWxlX2Zvcm1hdDogInJhdyIKICAgIHNpemU6IDEwCiAgICBzc2Q6IGZhbHNlCiAgLSBpbnRlcmZhY2U6ICJ2aXJ0aW8xIgogICAgZmlsZV9mb3JtYXQ6ICJyYXciCiAgICBzaXplOiAxMQogICAgc3NkOiB0cnVlCiAgLSBpbnRlcmZhY2U6ICJ2aXJ0aW8yIgogICAgZmlsZV9mb3JtYXQ6ICJyYXciCiAgICBzaXplOiAxMgogICAgc3NkOiBmYWxzZQotIGRlc2NyaXB0aW9uOiAiQSBub3JtYWwgbm9kZSIKICB0YWdzOgogIC0gImdwdS1ub25lIgogIG5hbWU6ICJ2bS05OTAyIgogIHZtX2lkOiA5OTAyCiAgbmV0d29ya19kZXZpY2VfbGlzdDoKICAtIG1hY19hZGRyZXNzOiAiMDA6MDA6MDA6MDA6OTk6MDIiCiAgY2xvbmU6CiAgLSB2bV9pZDogMTAxCiAgYWdlbnQ6CiAgLSBlbmFibGVkOiB0cnVlCiAgb3BlcmF0aW5nX3N5c3RlbToKICAtIHR5cGU6ICJsMjYiCiAgdmdhOgogIC0gZW5hYmxlZDogdHJ1ZQogICAgdHlwZTogc3RkCiAgaG9zdHBjaV9saXN0OiB7fQogIGNwdToge30KICBtZW1vcnk6CiAgLSBiYWxsb29uaW5nOiAxMjI4OAogIGt2bV9hcmd1bWVudHM6ICIiCiAgZGlza19saXN0OiB7fQo=",
            "content_base64sha256": "qsSN07FpsNSztW8rjB7u3GOsCDWcM5UuSG4GyBEW3YE=",
            "content_base64sha512": "iknYNbD2y/jD5ujsGsoSEetMgpNWc+Fax5drLUXz0EKy+2fbapVUOgGnb2eJ5zh4YynjHLWfqjQjkcRsSCPy9Q==",
            "content_md5": "f5cac8f9e4ee11701f08b3474939f6ab",
            "content_sha1": "049496411a93b4e4cfa1b49814e3a63c288472c0",
            "content_sha256": "aac48dd3b169b0d4b3b56f2b8c1eeedc63ac08359c33952e486e06c81116dd81",
            "content_sha512": "8a49d835b0f6cbf8c3e6e8ec1aca1211eb4c82935673e15ac7976b2d45f3d042b2fb67db6a95543a01a76f6789e738786329e31cb59faa342391c46c4823f2f5",
            "filename": "config.yaml",
            "id": "049496411a93b4e4cfa1b49814e3a63c288472c0"
          },
          "sensitive_attributes": []
        }
      ]
    },
    {
      "mode": "managed",
      "type": "proxmox_virtual_environment_vm",
      "name": "vms",
      "provider": "provider[\"registry.terraform.io/bpg/proxmox\"]",
      "instances": [
        {
          "index_key": 0,
          "schema_version": 0,
          "attributes": {
            "acpi": true,
            "agent": [
              {
                "enabled": true,
                "timeout": "15m",
                "trim": false,
                "type": "virtio"
              }
            ],
            "audio_device": [],
            "bios": "ovmf",
            "boot_order": null,
            "cdrom": [],
            "clone": [
              {
                "datastore_id": "",
                "full": true,
                "node_name": "",
                "retries": 2,
                "vm_id": 101
              }
            ],
            "cpu": [
              {
                "architecture": "x86_64",
                "cores": 2,
                "flags": [
                  "+pcid"
                ],
                "hotplugged": 0,
                "numa": false,
                "sockets": 1,
                "type": "host",
                "units": 1024
              }
            ],
            "description": "Managed by Terraform:GPU Node",
            "disk": [
              {
                "cache": "none",
                "datastore_id": "local-dir",
                "discard": "",
                "file_format": "qcow2",
                "file_id": "",
                "interface": "scsi0",
                "iothread": true,
                "path_in_datastore": "9901/vm-9901-disk-0.qcow2",
                "size": 200,
                "speed": [],
                "ssd": true
              },
              {
                "cache": "none",
                "datastore_id": "local-lvm",
                "discard": "",
                "file_format": "raw",
                "file_id": "",
                "interface": "scsi1",
                "iothread": false,
                "path_in_datastore": "vm-9901-disk-0",
                "size": 9,
                "speed": [],
                "ssd": true
              },
              {
                "cache": "none",
                "datastore_id": "local-lvm",
                "discard": "",
                "file_format": "raw",
                "file_id": "",
                "interface": "scsi2",
                "iothread": false,
                "path_in_datastore": "vm-9901-disk-1",
                "size": 10,
                "speed": [],
                "ssd": false
              },
              {
                "cache": "none",
                "datastore_id": "local-lvm",
                "discard": "",
                "file_format": "raw",
                "file_id": "",
                "interface": "virtio1",
                "iothread": false,
                "path_in_datastore": "vm-9901-disk-2",
                "size": 11,
                "speed": [],
                "ssd": false
              },
              {
                "cache": "none",
                "datastore_id": "local-lvm",
                "discard": "",
                "file_format": "raw",
                "file_id": "",
                "interface": "virtio2",
                "iothread": false,
                "path_in_datastore": "vm-9901-disk-3",
                "size": 12,
                "speed": [],
                "ssd": false
              }
            ],
            "efi_disk": [],
            "hostpci": [
              {
                "device": "hostpci0",
                "id": "0000:01:00",
                "mapping": "",
                "mdev": "",
                "pcie": true,
                "rom_file": "",
                "rombar": false,
                "xvga": false
              }
            ],
            "id": "9901",
            "initialization": [],
            "ipv4_addresses": [
              [
                "127.0.0.1"
              ],
              [
                "192.168.3.201"
              ]
            ],
            "ipv6_addresses": [
              [
                "::1"
              ],
              [
                "fe80::200:ff:fe00:9901"
              ]
            ],
            "keyboard_layout": "en-us",
            "kvm_arguments": "-cpu 'host,+kvm_pv_unhalt,+kvm_pv_eoi,hv_vendor_id=NV43FIX,kvm=off'",
            "mac_addresses": [
              "00:00:00:00:00:00",
              "00:00:00:00:99:01"
            ],
            "machine": "q35",
            "memory": [
              {
                "dedicated": 32768,
                "floating": 32768,
                "shared": 0
              }
            ],
            "migrate": false,
            "name": "vm-9901",
            "network_device": [
              {
                "bridge": "vmbr0",
                "enabled": true,
                "firewall": false,
                "mac_address": "00:00:00:00:99:01",
                "model": "virtio",
                "mtu": 0,
                "queues": 0,
                "rate_limit": 0,
                "vlan_id": 0
              }
            ],
            "network_interface_names": [
              "lo",
              "enp6s18"
            ],
            "node_name": "pve",
            "on_boot": true,
            "operating_system": [
              {
                "type": "l26"
              }
            ],
            "pool_id": null,
            "reboot": false,
            "scsi_hardware": "virtio-scsi-pci",
            "serial_device": [],
            "smbios": [],
            "started": true,
            "startup": [],
            "tablet_device": true,
            "tags": [
              "gpu-nvidia",
              "terraform",
              "ubuntu"
            ],
            "template": false,
            "timeout_clone": 1800,
            "timeout_create": 1800,
            "timeout_migrate": 1800,
            "timeout_move_disk": 1800,
            "timeout_reboot": 1800,
            "timeout_shutdown_vm": 1800,
            "timeout_start_vm": 1800,
            "timeout_stop_vm": 300,
            "usb": [],
            "vga": [
              {
                "enabled": true,
                "memory": 16,
                "type": "std"
              }
            ],
            "vm_id": 9901
          },
          "sensitive_attributes": [],
          "private": "bnVsbA==",
          "dependencies": [
            "data.local_file.config"
          ]
        },
        {
          "index_key": 1,
          "schema_version": 0,
          "attributes": {
            "acpi": true,
            "agent": [
              {
                "enabled": true,
                "timeout": "15m",
                "trim": false,
                "type": "virtio"
              }
            ],
            "audio_device": [],
            "bios": "ovmf",
            "boot_order": null,
            "cdrom": [],
            "clone": [
              {
                "datastore_id": "",
                "full": true,
                "node_name": "",
                "retries": 2,
                "vm_id": 101
              }
            ],
            "cpu": [],
            "description": "Managed by Terraform:A normal node",
            "disk": [],
            "efi_disk": [],
            "hostpci": [],
            "id": "9902",
            "initialization": [],
            "ipv4_addresses": [
              [
                "127.0.0.1"
              ],
              [
                "192.168.3.189"
              ]
            ],
            "ipv6_addresses": [
              [
                "::1"
              ],
              [
                "fe80::200:ff:fe00:9902"
              ]
            ],
            "keyboard_layout": "en-us",
            "kvm_arguments": "",
            "mac_addresses": [
              "00:00:00:00:00:00",
              "00:00:00:00:99:02"
            ],
            "machine": "q35",
            "memory": [
              {
                "dedicated": 12288,
                "floating": 12288,
                "shared": 0
              }
            ],
            "migrate": false,
            "name": "vm-9902",
            "network_device": [
              {
                "bridge": "vmbr0",
                "enabled": true,
                "firewall": false,
                "mac_address": "00:00:00:00:99:02",
                "model": "virtio",
                "mtu": 0,
                "queues": 0,
                "rate_limit": 0,
                "vlan_id": 0
              }
            ],
            "network_interface_names": [
              "lo",
              "enp6s18"
            ],
            "node_name": "pve",
            "on_boot": true,
            "operating_system": [
              {
                "type": "l26"
              }
            ],
            "pool_id": null,
            "reboot": false,
            "scsi_hardware": "virtio-scsi-pci",
            "serial_device": [],
            "smbios": [],
            "started": true,
            "startup": [],
            "tablet_device": true,
            "tags": [
              "gpu-none",
              "terraform",
              "ubuntu"
            ],
            "template": false,
            "timeout_clone": 1800,
            "timeout_create": 1800,
            "timeout_migrate": 1800,
            "timeout_move_disk": 1800,
            "timeout_reboot": 1800,
            "timeout_shutdown_vm": 1800,
            "timeout_start_vm": 1800,
            "timeout_stop_vm": 300,
            "usb": [],
            "vga": [
              {
                "enabled": true,
                "memory": 16,
                "type": "std"
              }
            ],
            "vm_id": 9902
          },
          "sensitive_attributes": [],
          "private": "bnVsbA==",
          "dependencies": [
            "data.local_file.config"
          ]
        }
      ]
    }
  ],
  "check_results": null
}
