{
  "version": 4,
  "terraform_version": "1.6.3",
  "serial": 55,
  "lineage": "0fe296c9-93d6-6e2a-c739-c589a5d3809d",
  "outputs": {},
  "resources": [
    {
      "mode": "data",
      "type": "local_file",
      "name": "config",
      "provider": "provider[\"registry.terraform.io/hashicorp/local\"]",
      "instances": [
        {
          "schema_version": 0,
          "attributes": {
            "content": "---\nvirtual_machine_globals:\n  node_name: \"pve\"\n  description: \"Managed by Terraform\"\n  clone_vm_id: 101\n  agent_enabled: true\n  tags:\n  - \"terraform\"\n  - \"ubuntu\"\n\nvirtual_machines:\n- name: \"vm-9901\"\n  vm_id: 9901\n  mac_address: \"00:00:00:00:99:01\"\n- name: \"vm-9902\"\n  vm_id: 9902\n  mac_address: \"00:00:00:00:99:02\"\n",
            "content_base64": "LS0tCnZpcnR1YWxfbWFjaGluZV9nbG9iYWxzOgogIG5vZGVfbmFtZTogInB2ZSIKICBkZXNjcmlwdGlvbjogIk1hbmFnZWQgYnkgVGVycmFmb3JtIgogIGNsb25lX3ZtX2lkOiAxMDEKICBhZ2VudF9lbmFibGVkOiB0cnVlCiAgdGFnczoKICAtICJ0ZXJyYWZvcm0iCiAgLSAidWJ1bnR1IgoKdmlydHVhbF9tYWNoaW5lczoKLSBuYW1lOiAidm0tOTkwMSIKICB2bV9pZDogOTkwMQogIG1hY19hZGRyZXNzOiAiMDA6MDA6MDA6MDA6OTk6MDEiCi0gbmFtZTogInZtLTk5MDIiCiAgdm1faWQ6IDk5MDIKICBtYWNfYWRkcmVzczogIjAwOjAwOjAwOjAwOjk5OjAyIgo=",
            "content_base64sha256": "GpzeUripCbflRRpJJj7ZAm23SioQZUHL0PwR7lnuHoE=",
            "content_base64sha512": "dBBnC8wuot5nbMP8kjDo44ACET3I7nocAY9l92oFvHOVyHOXrBQsudImY5aVIG/ZGhvzAyoBmaliR7LNP7Dcrw==",
            "content_md5": "f7cd3c4f3bc26d2dbb68ef6df6ccaf93",
            "content_sha1": "e00b074cb7ba0fef0964b9d2846066b1d81d890c",
            "content_sha256": "1a9cde52b8a909b7e5451a49263ed9026db74a2a106541cbd0fc11ee59ee1e81",
            "content_sha512": "7410670bcc2ea2de676cc3fc9230e8e38002113dc8ee7a1c018f65f76a05bc7395c87397ac142cb9d226639695206fd91a1bf3032a0199a96247b2cd3fb0dcaf",
            "filename": "config.yaml",
            "id": "e00b074cb7ba0fef0964b9d2846066b1d81d890c"
          },
          "sensitive_attributes": []
        }
      ]
    },
    {
      "mode": "managed",
      "type": "proxmox_virtual_environment_vm",
      "name": "ubuntu_vm",
      "provider": "provider[\"registry.terraform.io/bpg/proxmox\"]",
      "instances": [
        {
          "index_key": 0,
          "schema_version": 0,
          "attributes": {
            "acpi": true,
            "agent": [
              {
                "enabled": true,
                "timeout": "15m",
                "trim": false,
                "type": "virtio"
              }
            ],
            "audio_device": [],
            "bios": "ovmf",
            "boot_order": null,
            "cdrom": [],
            "clone": [
              {
                "datastore_id": "",
                "full": true,
                "node_name": "",
                "retries": 2,
                "vm_id": 101
              }
            ],
            "cpu": [],
            "description": "Managed by Terraform",
            "disk": [],
            "efi_disk": [],
            "hostpci": [],
            "id": "9901",
            "initialization": [],
            "ipv4_addresses": [
              [
                "127.0.0.1"
              ],
              [
                "192.168.3.201"
              ]
            ],
            "ipv6_addresses": [
              [
                "::1"
              ],
              [
                "fe80::200:ff:fe00:9901"
              ]
            ],
            "keyboard_layout": "en-us",
            "kvm_arguments": null,
            "mac_addresses": [
              "00:00:00:00:00:00",
              "00:00:00:00:99:01"
            ],
            "machine": "q35",
            "memory": [],
            "migrate": false,
            "name": "vm-9901",
            "network_device": [
              {
                "bridge": "vmbr0",
                "enabled": true,
                "firewall": false,
                "mac_address": "00:00:00:00:99:01",
                "model": "virtio",
                "mtu": 0,
                "queues": 0,
                "rate_limit": 0,
                "vlan_id": 0
              }
            ],
            "network_interface_names": [
              "lo",
              "enp6s18"
            ],
            "node_name": "pve",
            "on_boot": true,
            "operating_system": [],
            "pool_id": null,
            "reboot": false,
            "scsi_hardware": "virtio-scsi-pci",
            "serial_device": [],
            "smbios": [],
            "started": true,
            "startup": [],
            "tablet_device": true,
            "tags": [
              "terraform",
              "ubuntu"
            ],
            "template": false,
            "timeout_clone": 1800,
            "timeout_create": 1800,
            "timeout_migrate": 1800,
            "timeout_move_disk": 1800,
            "timeout_reboot": 1800,
            "timeout_shutdown_vm": 1800,
            "timeout_start_vm": 1800,
            "timeout_stop_vm": 300,
            "usb": [],
            "vga": [],
            "vm_id": 9901
          },
          "sensitive_attributes": [],
          "private": "bnVsbA==",
          "dependencies": [
            "data.local_file.config"
          ]
        },
        {
          "index_key": 1,
          "schema_version": 0,
          "attributes": {
            "acpi": true,
            "agent": [
              {
                "enabled": true,
                "timeout": "15m",
                "trim": false,
                "type": "virtio"
              }
            ],
            "audio_device": [],
            "bios": "ovmf",
            "boot_order": null,
            "cdrom": [],
            "clone": [
              {
                "datastore_id": "",
                "full": true,
                "node_name": "",
                "retries": 2,
                "vm_id": 101
              }
            ],
            "cpu": [],
            "description": "Managed by Terraform",
            "disk": [],
            "efi_disk": [],
            "hostpci": [],
            "id": "9902",
            "initialization": [],
            "ipv4_addresses": [
              [
                "127.0.0.1"
              ],
              [
                "192.168.3.189"
              ]
            ],
            "ipv6_addresses": [
              [
                "::1"
              ],
              [
                "fe80::200:ff:fe00:9902"
              ]
            ],
            "keyboard_layout": "en-us",
            "kvm_arguments": null,
            "mac_addresses": [
              "00:00:00:00:00:00",
              "00:00:00:00:99:02"
            ],
            "machine": "q35",
            "memory": [],
            "migrate": false,
            "name": "vm-9902",
            "network_device": [
              {
                "bridge": "vmbr0",
                "enabled": true,
                "firewall": false,
                "mac_address": "00:00:00:00:99:02",
                "model": "virtio",
                "mtu": 0,
                "queues": 0,
                "rate_limit": 0,
                "vlan_id": 0
              }
            ],
            "network_interface_names": [
              "lo",
              "enp6s18"
            ],
            "node_name": "pve",
            "on_boot": true,
            "operating_system": [],
            "pool_id": null,
            "reboot": false,
            "scsi_hardware": "virtio-scsi-pci",
            "serial_device": [],
            "smbios": [],
            "started": true,
            "startup": [],
            "tablet_device": true,
            "tags": [
              "terraform",
              "ubuntu"
            ],
            "template": false,
            "timeout_clone": 1800,
            "timeout_create": 1800,
            "timeout_migrate": 1800,
            "timeout_move_disk": 1800,
            "timeout_reboot": 1800,
            "timeout_shutdown_vm": 1800,
            "timeout_start_vm": 1800,
            "timeout_stop_vm": 300,
            "usb": [],
            "vga": [],
            "vm_id": 9902
          },
          "sensitive_attributes": [],
          "private": "bnVsbA==",
          "dependencies": [
            "data.local_file.config"
          ]
        }
      ]
    }
  ],
  "check_results": null
}
