{
  "version": 4,
  "terraform_version": "1.6.3",
  "serial": 102,
  "lineage": "0fe296c9-93d6-6e2a-c739-c589a5d3809d",
  "outputs": {},
  "resources": [
    {
      "mode": "data",
      "type": "local_file",
      "name": "config",
      "provider": "provider[\"registry.terraform.io/hashicorp/local\"]",
      "instances": [
        {
          "schema_version": 0,
          "attributes": {
            "content": "---\nvirtual_machine_globals:\n  node_name: \"pve\"\n  description: \"Managed by Terraform\"\n  clone_vm_id: 101\n  agent_enabled: true\n  tags:\n  - \"terraform\"\n  - \"ubuntu\"\n\nvirtual_machines:\n- name: \"vm-9901\"\n  vm_id: 9901\n  network_device_list:\n  - mac_address: \"00:00:00:00:99:01\"\n  operating_system:\n  - type: \"l26\"\n  # GPU Passthrough needs\n  #   machine: q35\n  #   bios: ovmf\n  #   hostpci0: 0000:01:00,pcie=1\n  #   cpu: host,hidden=1,flags=+pcid\n  #   \u003cTODO\u003e args: -cpu 'host,+kvm_pv_unhalt,+kvm_pv_eoi,hv_vendor_id=NV43FIX,kvm=off'\n  # Validate against PVE config file at:\n  #   /etc/pve/qemu-server/\u003cVM_ID\u003e.conf\n  vga:\n  - enabled: false\n    type: std\n  hostpci_list:\n  - device: \"hostpci0\"\n    id: \"0000:01:00\"\n    pcie: true\n  cpu:\n  - cores: 2\n    type: \"host\"\n    flags:\n    - \"+pcid\"\n  kvm_arguments: {} #- todo: \"\u003cTODO\u003e\"\n- name: \"vm-9902\"\n  vm_id: 9902\n  network_device_list:\n  - mac_address: \"00:00:00:00:99:02\"\n  operating_system:\n  - type: \"l26\"\n  vga:\n  - enabled: true\n    type: std\n  hostpci_list: {}\n  cpu: {}\n  kvm_arguments: {}\n",
            "content_base64": "LS0tCnZpcnR1YWxfbWFjaGluZV9nbG9iYWxzOgogIG5vZGVfbmFtZTogInB2ZSIKICBkZXNjcmlwdGlvbjogIk1hbmFnZWQgYnkgVGVycmFmb3JtIgogIGNsb25lX3ZtX2lkOiAxMDEKICBhZ2VudF9lbmFibGVkOiB0cnVlCiAgdGFnczoKICAtICJ0ZXJyYWZvcm0iCiAgLSAidWJ1bnR1IgoKdmlydHVhbF9tYWNoaW5lczoKLSBuYW1lOiAidm0tOTkwMSIKICB2bV9pZDogOTkwMQogIG5ldHdvcmtfZGV2aWNlX2xpc3Q6CiAgLSBtYWNfYWRkcmVzczogIjAwOjAwOjAwOjAwOjk5OjAxIgogIG9wZXJhdGluZ19zeXN0ZW06CiAgLSB0eXBlOiAibDI2IgogICMgR1BVIFBhc3N0aHJvdWdoIG5lZWRzCiAgIyAgIG1hY2hpbmU6IHEzNQogICMgICBiaW9zOiBvdm1mCiAgIyAgIGhvc3RwY2kwOiAwMDAwOjAxOjAwLHBjaWU9MQogICMgICBjcHU6IGhvc3QsaGlkZGVuPTEsZmxhZ3M9K3BjaWQKICAjICAgPFRPRE8+IGFyZ3M6IC1jcHUgJ2hvc3QsK2t2bV9wdl91bmhhbHQsK2t2bV9wdl9lb2ksaHZfdmVuZG9yX2lkPU5WNDNGSVgsa3ZtPW9mZicKICAjIFZhbGlkYXRlIGFnYWluc3QgUFZFIGNvbmZpZyBmaWxlIGF0OgogICMgICAvZXRjL3B2ZS9xZW11LXNlcnZlci88Vk1fSUQ+LmNvbmYKICB2Z2E6CiAgLSBlbmFibGVkOiBmYWxzZQogICAgdHlwZTogc3RkCiAgaG9zdHBjaV9saXN0OgogIC0gZGV2aWNlOiAiaG9zdHBjaTAiCiAgICBpZDogIjAwMDA6MDE6MDAiCiAgICBwY2llOiB0cnVlCiAgY3B1OgogIC0gY29yZXM6IDIKICAgIHR5cGU6ICJob3N0IgogICAgZmxhZ3M6CiAgICAtICIrcGNpZCIKICBrdm1fYXJndW1lbnRzOiB7fSAjLSB0b2RvOiAiPFRPRE8+IgotIG5hbWU6ICJ2bS05OTAyIgogIHZtX2lkOiA5OTAyCiAgbmV0d29ya19kZXZpY2VfbGlzdDoKICAtIG1hY19hZGRyZXNzOiAiMDA6MDA6MDA6MDA6OTk6MDIiCiAgb3BlcmF0aW5nX3N5c3RlbToKICAtIHR5cGU6ICJsMjYiCiAgdmdhOgogIC0gZW5hYmxlZDogdHJ1ZQogICAgdHlwZTogc3RkCiAgaG9zdHBjaV9saXN0OiB7fQogIGNwdToge30KICBrdm1fYXJndW1lbnRzOiB7fQo=",
            "content_base64sha256": "09jrJJZuWEwdv2gcfaGwj7irykIw6qNCd8KjzuyGlI4=",
            "content_base64sha512": "OKY1xnB0rq7PKxtVWy1uKbkTwx4P13FeqioFfjxG6ttfAxfwAwOQRhTQ8k8El3Zvw1BVNFOUExuG5LRsyo32cQ==",
            "content_md5": "df9864e68e4ac09f6e9e916a129a2bf1",
            "content_sha1": "be96a6d6def38bfc77272596056598e971a0d1e7",
            "content_sha256": "d3d8eb24966e584c1dbf681c7da1b08fb8abca4230eaa34277c2a3ceec86948e",
            "content_sha512": "38a635c67074aeaecf2b1b555b2d6e29b913c31e0fd7715eaa2a057e3c46eadb5f0317f00303904614d0f24f0497766fc35055345394131b86e4b46cca8df671",
            "filename": "config.yaml",
            "id": "be96a6d6def38bfc77272596056598e971a0d1e7"
          },
          "sensitive_attributes": []
        }
      ]
    },
    {
      "mode": "managed",
      "type": "proxmox_virtual_environment_vm",
      "name": "ubuntu_vm",
      "provider": "provider[\"registry.terraform.io/bpg/proxmox\"]",
      "instances": [
        {
          "index_key": 0,
          "schema_version": 0,
          "attributes": {
            "acpi": true,
            "agent": [
              {
                "enabled": true,
                "timeout": "15m",
                "trim": false,
                "type": "virtio"
              }
            ],
            "audio_device": [],
            "bios": "ovmf",
            "boot_order": null,
            "cdrom": [],
            "clone": [
              {
                "datastore_id": "",
                "full": true,
                "node_name": "",
                "retries": 2,
                "vm_id": 101
              }
            ],
            "cpu": [
              {
                "architecture": "x86_64",
                "cores": 2,
                "flags": [
                  "+pcid"
                ],
                "hotplugged": 0,
                "numa": false,
                "sockets": 1,
                "type": "host",
                "units": 1024
              }
            ],
            "description": "Managed by Terraform",
            "disk": [],
            "efi_disk": [],
            "hostpci": [
              {
                "device": "hostpci0",
                "id": "0000:01:00",
                "mapping": "",
                "mdev": "",
                "pcie": true,
                "rom_file": "",
                "rombar": false,
                "xvga": false
              }
            ],
            "id": "9901",
            "initialization": [],
            "ipv4_addresses": [
              [
                "127.0.0.1"
              ],
              [
                "192.168.3.201"
              ]
            ],
            "ipv6_addresses": [
              [
                "::1"
              ],
              [
                "fe80::200:ff:fe00:9901"
              ]
            ],
            "keyboard_layout": "en-us",
            "kvm_arguments": null,
            "mac_addresses": [
              "00:00:00:00:00:00",
              "00:00:00:00:99:01"
            ],
            "machine": "q35",
            "memory": [],
            "migrate": false,
            "name": "vm-9901",
            "network_device": [
              {
                "bridge": "vmbr0",
                "enabled": true,
                "firewall": false,
                "mac_address": "00:00:00:00:99:01",
                "model": "virtio",
                "mtu": 0,
                "queues": 0,
                "rate_limit": 0,
                "vlan_id": 0
              }
            ],
            "network_interface_names": [
              "lo",
              "enp6s18"
            ],
            "node_name": "pve",
            "on_boot": true,
            "operating_system": [
              {
                "type": "l26"
              }
            ],
            "pool_id": null,
            "reboot": false,
            "scsi_hardware": "virtio-scsi-pci",
            "serial_device": [],
            "smbios": [],
            "started": true,
            "startup": [],
            "tablet_device": true,
            "tags": [
              "terraform",
              "ubuntu"
            ],
            "template": false,
            "timeout_clone": 1800,
            "timeout_create": 1800,
            "timeout_migrate": 1800,
            "timeout_move_disk": 1800,
            "timeout_reboot": 1800,
            "timeout_shutdown_vm": 1800,
            "timeout_start_vm": 1800,
            "timeout_stop_vm": 300,
            "usb": [],
            "vga": [
              {
                "enabled": false,
                "memory": 0,
                "type": ""
              }
            ],
            "vm_id": 9901
          },
          "sensitive_attributes": [],
          "private": "bnVsbA==",
          "dependencies": [
            "data.local_file.config"
          ]
        },
        {
          "index_key": 1,
          "schema_version": 0,
          "attributes": {
            "acpi": true,
            "agent": [
              {
                "enabled": true,
                "timeout": "15m",
                "trim": false,
                "type": "virtio"
              }
            ],
            "audio_device": [],
            "bios": "ovmf",
            "boot_order": null,
            "cdrom": [],
            "clone": [
              {
                "datastore_id": "",
                "full": true,
                "node_name": "",
                "retries": 2,
                "vm_id": 101
              }
            ],
            "cpu": [],
            "description": "Managed by Terraform",
            "disk": [],
            "efi_disk": [],
            "hostpci": [],
            "id": "9902",
            "initialization": [],
            "ipv4_addresses": [
              [
                "127.0.0.1"
              ],
              [
                "192.168.3.189"
              ]
            ],
            "ipv6_addresses": [
              [
                "::1"
              ],
              [
                "fe80::200:ff:fe00:9902"
              ]
            ],
            "keyboard_layout": "en-us",
            "kvm_arguments": null,
            "mac_addresses": [
              "00:00:00:00:00:00",
              "00:00:00:00:99:02"
            ],
            "machine": "q35",
            "memory": [],
            "migrate": false,
            "name": "vm-9902",
            "network_device": [
              {
                "bridge": "vmbr0",
                "enabled": true,
                "firewall": false,
                "mac_address": "00:00:00:00:99:02",
                "model": "virtio",
                "mtu": 0,
                "queues": 0,
                "rate_limit": 0,
                "vlan_id": 0
              }
            ],
            "network_interface_names": [
              "lo",
              "enp6s18"
            ],
            "node_name": "pve",
            "on_boot": true,
            "operating_system": [
              {
                "type": "l26"
              }
            ],
            "pool_id": null,
            "reboot": false,
            "scsi_hardware": "virtio-scsi-pci",
            "serial_device": [],
            "smbios": [],
            "started": true,
            "startup": [],
            "tablet_device": true,
            "tags": [
              "terraform",
              "ubuntu"
            ],
            "template": false,
            "timeout_clone": 1800,
            "timeout_create": 1800,
            "timeout_migrate": 1800,
            "timeout_move_disk": 1800,
            "timeout_reboot": 1800,
            "timeout_shutdown_vm": 1800,
            "timeout_start_vm": 1800,
            "timeout_stop_vm": 300,
            "usb": [],
            "vga": [
              {
                "enabled": true,
                "memory": 16,
                "type": "std"
              }
            ],
            "vm_id": 9902
          },
          "sensitive_attributes": [],
          "private": "bnVsbA==",
          "dependencies": [
            "data.local_file.config"
          ]
        }
      ]
    }
  ],
  "check_results": null
}
