{
  "version": 4,
  "terraform_version": "1.6.3",
  "serial": 48,
  "lineage": "0fe296c9-93d6-6e2a-c739-c589a5d3809d",
  "outputs": {},
  "resources": [
    {
      "mode": "data",
      "type": "local_file",
      "name": "config",
      "provider": "provider[\"registry.terraform.io/hashicorp/local\"]",
      "instances": [
        {
          "schema_version": 0,
          "attributes": {
            "content": "---\n\nvirtual_machine_globals:\n  node_name: \"pve\"\n  description: \"Managed by Terraform\"\n  clone_vm_id: 101\n  # \"agent_enabled: true\" requires that the\n  # Template specified by clone_vm_id has qemu-guest-agent\n  agent_enabled: true\n  tags:\n  - \"terraform\"\n  - \"ubuntu\"\n\nvirtual_machines:\n- name: \"vm-9901\"\n  vm_id: 9901\n  mac_address: \"00:00:00:00:99:01\"\n- name: \"vm-9902\"\n  vm_id: 9902\n  mac_address: \"00:00:00:00:99:02\"\n",
            "content_base64": "LS0tCgp2aXJ0dWFsX21hY2hpbmVfZ2xvYmFsczoKICBub2RlX25hbWU6ICJwdmUiCiAgZGVzY3JpcHRpb246ICJNYW5hZ2VkIGJ5IFRlcnJhZm9ybSIKICBjbG9uZV92bV9pZDogMTAxCiAgIyAiYWdlbnRfZW5hYmxlZDogdHJ1ZSIgcmVxdWlyZXMgdGhhdCB0aGUKICAjIFRlbXBsYXRlIHNwZWNpZmllZCBieSBjbG9uZV92bV9pZCBoYXMgcWVtdS1ndWVzdC1hZ2VudAogIGFnZW50X2VuYWJsZWQ6IHRydWUKICB0YWdzOgogIC0gInRlcnJhZm9ybSIKICAtICJ1YnVudHUiCgp2aXJ0dWFsX21hY2hpbmVzOgotIG5hbWU6ICJ2bS05OTAxIgogIHZtX2lkOiA5OTAxCiAgbWFjX2FkZHJlc3M6ICIwMDowMDowMDowMDo5OTowMSIKLSBuYW1lOiAidm0tOTkwMiIKICB2bV9pZDogOTkwMgogIG1hY19hZGRyZXNzOiAiMDA6MDA6MDA6MDA6OTk6MDIiCg==",
            "content_base64sha256": "yR0XlDOXNG+NWPfSbMMTmw2fnHfV0Jksl85bxSMfh+0=",
            "content_base64sha512": "8nZx+G9uMs5pdHbrUSX466qsSnJe+YNV+Cqn+mfASbUXAg+fBVhWNuVHiFzWsY0pVD+c/xYoWuaArc4BM1vgOw==",
            "content_md5": "ade0f9788fab56f9ea6d49faf60750d5",
            "content_sha1": "4217977f126288c689b0d090e09f95c010f38a61",
            "content_sha256": "c91d17943397346f8d58f7d26cc3139b0d9f9c77d5d0992c97ce5bc5231f87ed",
            "content_sha512": "f27671f86f6e32ce697476eb5125f8ebaaac4a725ef98355f82aa7fa67c049b517020f9f05585636e547885cd6b18d29543f9cff16285ae680adce01335be03b",
            "filename": "config.yaml",
            "id": "4217977f126288c689b0d090e09f95c010f38a61"
          },
          "sensitive_attributes": []
        }
      ]
    },
    {
      "mode": "managed",
      "type": "proxmox_virtual_environment_vm",
      "name": "ubuntu_vm",
      "provider": "provider[\"registry.terraform.io/bpg/proxmox\"]",
      "instances": [
        {
          "index_key": 0,
          "schema_version": 0,
          "attributes": {
            "acpi": true,
            "agent": [],
            "audio_device": [],
            "bios": "ovmf",
            "boot_order": null,
            "cdrom": [],
            "clone": [
              {
                "datastore_id": "",
                "full": true,
                "node_name": "",
                "retries": 2,
                "vm_id": 101
              }
            ],
            "cpu": [],
            "description": "Managed by Terraform",
            "disk": [],
            "efi_disk": [],
            "hostpci": [],
            "id": "9901",
            "initialization": [],
            "ipv4_addresses": [
              [
                "127.0.0.1"
              ],
              [
                "192.168.3.201"
              ]
            ],
            "ipv6_addresses": [
              [
                "::1"
              ],
              [
                "fe80::200:ff:fe00:9901"
              ]
            ],
            "keyboard_layout": "en-us",
            "kvm_arguments": null,
            "mac_addresses": [
              "00:00:00:00:00:00",
              "00:00:00:00:99:01"
            ],
            "machine": "q35",
            "memory": [],
            "migrate": false,
            "name": "vm-9901",
            "network_device": [
              {
                "bridge": "vmbr0",
                "enabled": true,
                "firewall": false,
                "mac_address": "00:00:00:00:99:01",
                "model": "virtio",
                "mtu": 0,
                "queues": 0,
                "rate_limit": 0,
                "vlan_id": 0
              }
            ],
            "network_interface_names": [
              "lo",
              "enp6s18"
            ],
            "node_name": "pve",
            "on_boot": true,
            "operating_system": [],
            "pool_id": null,
            "reboot": false,
            "scsi_hardware": "virtio-scsi-pci",
            "serial_device": [],
            "smbios": [],
            "started": true,
            "startup": [],
            "tablet_device": true,
            "tags": [
              "terraform",
              "ubuntu"
            ],
            "template": false,
            "timeout_clone": 1800,
            "timeout_create": 1800,
            "timeout_migrate": 1800,
            "timeout_move_disk": 1800,
            "timeout_reboot": 1800,
            "timeout_shutdown_vm": 1800,
            "timeout_start_vm": 1800,
            "timeout_stop_vm": 300,
            "usb": [],
            "vga": [],
            "vm_id": 9901
          },
          "sensitive_attributes": [],
          "private": "bnVsbA==",
          "dependencies": [
            "data.local_file.config"
          ]
        },
        {
          "index_key": 1,
          "schema_version": 0,
          "attributes": {
            "acpi": true,
            "agent": [],
            "audio_device": [],
            "bios": "ovmf",
            "boot_order": null,
            "cdrom": [],
            "clone": [
              {
                "datastore_id": "",
                "full": true,
                "node_name": "",
                "retries": 2,
                "vm_id": 101
              }
            ],
            "cpu": [],
            "description": "Managed by Terraform",
            "disk": [],
            "efi_disk": [],
            "hostpci": [],
            "id": "9902",
            "initialization": [],
            "ipv4_addresses": [
              [
                "127.0.0.1"
              ],
              [
                "192.168.3.189"
              ]
            ],
            "ipv6_addresses": [
              [
                "::1"
              ],
              [
                "fe80::200:ff:fe00:9902"
              ]
            ],
            "keyboard_layout": "en-us",
            "kvm_arguments": null,
            "mac_addresses": [
              "00:00:00:00:00:00",
              "00:00:00:00:99:02"
            ],
            "machine": "q35",
            "memory": [],
            "migrate": false,
            "name": "vm-9902",
            "network_device": [
              {
                "bridge": "vmbr0",
                "enabled": true,
                "firewall": false,
                "mac_address": "00:00:00:00:99:02",
                "model": "virtio",
                "mtu": 0,
                "queues": 0,
                "rate_limit": 0,
                "vlan_id": 0
              }
            ],
            "network_interface_names": [
              "lo",
              "enp6s18"
            ],
            "node_name": "pve",
            "on_boot": true,
            "operating_system": [],
            "pool_id": null,
            "reboot": false,
            "scsi_hardware": "virtio-scsi-pci",
            "serial_device": [],
            "smbios": [],
            "started": true,
            "startup": [],
            "tablet_device": true,
            "tags": [
              "terraform",
              "ubuntu"
            ],
            "template": false,
            "timeout_clone": 1800,
            "timeout_create": 1800,
            "timeout_migrate": 1800,
            "timeout_move_disk": 1800,
            "timeout_reboot": 1800,
            "timeout_shutdown_vm": 1800,
            "timeout_start_vm": 1800,
            "timeout_stop_vm": 300,
            "usb": [],
            "vga": [],
            "vm_id": 9902
          },
          "sensitive_attributes": [],
          "private": "bnVsbA==",
          "dependencies": [
            "data.local_file.config"
          ]
        }
      ]
    }
  ],
  "check_results": null
}
