{
  "version": 4,
  "terraform_version": "1.6.3",
  "serial": 3,
  "lineage": "0fe296c9-93d6-6e2a-c739-c589a5d3809d",
  "outputs": {},
  "resources": [
    {
      "mode": "data",
      "type": "local_file",
      "name": "config",
      "provider": "provider[\"registry.terraform.io/hashicorp/local\"]",
      "instances": [
        {
          "schema_version": 0,
          "attributes": {
            "content": "virtual_machines:\n- name: \"vm-9901\"\n  vm_id: 9901\n  mac_address: \"00:00:00:00:99:01\"\n- name: \"vm-9902\"\n  vm_id: 9902\n  mac_address: \"00:00:00:00:99:02\"\n",
            "content_base64": "dmlydHVhbF9tYWNoaW5lczoKLSBuYW1lOiAidm0tOTkwMSIKICB2bV9pZDogOTkwMQogIG1hY19hZGRyZXNzOiAiMDA6MDA6MDA6MDA6OTk6MDEiCi0gbmFtZTogInZtLTk5MDIiCiAgdm1faWQ6IDk5MDIKICBtYWNfYWRkcmVzczogIjAwOjAwOjAwOjAwOjk5OjAyIgo=",
            "content_base64sha256": "MpGCAb4WIeHBejUAXVmNakgFUH7ubvKN9r07eQd2bms=",
            "content_base64sha512": "isX30AqA9FM9wjwQxkOpcoub5wXiDMceSsXqpqIsT+9G0KNzxes1vM7UpzKutz+hbi7GiWyd8s53aHsd/nI2JQ==",
            "content_md5": "f1fc29743762b9ba91efef68feb47ea8",
            "content_sha1": "2e7fb0384d27a1d802d1ff6c13cd81db2de13b42",
            "content_sha256": "32918201be1621e1c17a35005d598d6a4805507eee6ef28df6bd3b7907766e6b",
            "content_sha512": "8ac5f7d00a80f4533dc23c10c643a9728b9be705e20cc71e4ac5eaa6a22c4fef46d0a373c5eb35bcced4a732aeb73fa16e2ec6896c9df2ce77687b1dfe723625",
            "filename": "config.yaml",
            "id": "2e7fb0384d27a1d802d1ff6c13cd81db2de13b42"
          },
          "sensitive_attributes": []
        }
      ]
    },
    {
      "mode": "managed",
      "type": "proxmox_virtual_environment_vm",
      "name": "ubuntu_vm",
      "provider": "provider[\"registry.terraform.io/bpg/proxmox\"]",
      "instances": [
        {
          "index_key": 0,
          "schema_version": 0,
          "attributes": {
            "acpi": true,
            "agent": [],
            "audio_device": [],
            "bios": "ovmf",
            "boot_order": null,
            "cdrom": [],
            "clone": [
              {
                "datastore_id": "",
                "full": true,
                "node_name": "",
                "retries": 2,
                "vm_id": 100
              }
            ],
            "cpu": [],
            "description": "Managed by Terraform",
            "disk": [],
            "efi_disk": [],
            "hostpci": [],
            "id": "9901",
            "initialization": [],
            "ipv4_addresses": [],
            "ipv6_addresses": [],
            "keyboard_layout": "en-us",
            "kvm_arguments": null,
            "mac_addresses": [
              "00:00:00:00:99:01"
            ],
            "machine": "q35",
            "memory": [],
            "migrate": false,
            "name": "vm-9901",
            "network_device": [
              {
                "bridge": "vmbr0",
                "enabled": true,
                "firewall": false,
                "mac_address": "00:00:00:00:99:01",
                "model": "virtio",
                "mtu": 0,
                "queues": 0,
                "rate_limit": 0,
                "vlan_id": 0
              }
            ],
            "network_interface_names": [],
            "node_name": "pve",
            "on_boot": true,
            "operating_system": [],
            "pool_id": null,
            "reboot": false,
            "scsi_hardware": "virtio-scsi-pci",
            "serial_device": [],
            "smbios": [],
            "started": true,
            "startup": [],
            "tablet_device": true,
            "tags": [
              "terraform",
              "ubuntu"
            ],
            "template": false,
            "timeout_clone": 1800,
            "timeout_create": 1800,
            "timeout_migrate": 1800,
            "timeout_move_disk": 1800,
            "timeout_reboot": 1800,
            "timeout_shutdown_vm": 1800,
            "timeout_start_vm": 1800,
            "timeout_stop_vm": 300,
            "usb": [],
            "vga": [],
            "vm_id": 9901
          },
          "sensitive_attributes": [],
          "private": "bnVsbA==",
          "dependencies": [
            "data.local_file.config"
          ]
        },
        {
          "index_key": 1,
          "schema_version": 0,
          "attributes": {
            "acpi": true,
            "agent": [],
            "audio_device": [],
            "bios": "ovmf",
            "boot_order": null,
            "cdrom": [],
            "clone": [
              {
                "datastore_id": "",
                "full": true,
                "node_name": "",
                "retries": 2,
                "vm_id": 100
              }
            ],
            "cpu": [],
            "description": "Managed by Terraform",
            "disk": [],
            "efi_disk": [],
            "hostpci": [],
            "id": "9902",
            "initialization": [],
            "ipv4_addresses": [],
            "ipv6_addresses": [],
            "keyboard_layout": "en-us",
            "kvm_arguments": null,
            "mac_addresses": [
              "00:00:00:00:99:02"
            ],
            "machine": "q35",
            "memory": [],
            "migrate": false,
            "name": "vm-9902",
            "network_device": [
              {
                "bridge": "vmbr0",
                "enabled": true,
                "firewall": false,
                "mac_address": "00:00:00:00:99:02",
                "model": "virtio",
                "mtu": 0,
                "queues": 0,
                "rate_limit": 0,
                "vlan_id": 0
              }
            ],
            "network_interface_names": [],
            "node_name": "pve",
            "on_boot": true,
            "operating_system": [],
            "pool_id": null,
            "reboot": false,
            "scsi_hardware": "virtio-scsi-pci",
            "serial_device": [],
            "smbios": [],
            "started": true,
            "startup": [],
            "tablet_device": true,
            "tags": [
              "terraform",
              "ubuntu"
            ],
            "template": false,
            "timeout_clone": 1800,
            "timeout_create": 1800,
            "timeout_migrate": 1800,
            "timeout_move_disk": 1800,
            "timeout_reboot": 1800,
            "timeout_shutdown_vm": 1800,
            "timeout_start_vm": 1800,
            "timeout_stop_vm": 300,
            "usb": [],
            "vga": [],
            "vm_id": 9902
          },
          "sensitive_attributes": [],
          "private": "bnVsbA==",
          "dependencies": [
            "data.local_file.config"
          ]
        }
      ]
    }
  ],
  "check_results": null
}
