{
  "version": 4,
  "terraform_version": "1.6.3",
  "serial": 120,
  "lineage": "0fe296c9-93d6-6e2a-c739-c589a5d3809d",
  "outputs": {
    "ip_list": {
      "value": [
        [
          [
            [
              "127.0.0.1"
            ],
            [
              "192.168.3.201"
            ]
          ],
          [
            [
              "127.0.0.1"
            ],
            [
              "192.168.3.189"
            ]
          ]
        ]
      ],
      "type": [
        "tuple",
        [
          [
            "tuple",
            [
              [
                "list",
                [
                  "list",
                  "string"
                ]
              ],
              [
                "list",
                [
                  "list",
                  "string"
                ]
              ]
            ]
          ]
        ]
      ]
    }
  },
  "resources": [
    {
      "mode": "data",
      "type": "local_file",
      "name": "config",
      "provider": "provider[\"registry.terraform.io/hashicorp/local\"]",
      "instances": [
        {
          "schema_version": 0,
          "attributes": {
            "content": "---\nvirtual_machine_globals:\n  node_name: \"pve\"\n  description: \"Managed by Terraform\"\n  clone_vm_id: 101\n  agent_enabled: true\n  tags:\n  - \"terraform\"\n  - \"ubuntu\"\n\nvirtual_machines:\n- name: \"vm-9901\"\n  vm_id: 9901\n  network_device_list:\n  - mac_address: \"00:00:00:00:99:01\"\n  operating_system:\n  - type: \"l26\"\n  # When tested with a GPU with a PCIe BUS ID = \"0000:01:00\",\n  # the manual working setup had /etc/pve/qemu-server/\u003cVM_ID\u003e.conf showing:\n  #   machine: q35\n  #   bios: ovmf\n  #   hostpci0: 0000:01:00,pcie=1\n  #   cpu: host,hidden=1,flags=+pcid\n  #   args: -cpu 'host,+kvm_pv_unhalt,+kvm_pv_eoi,hv_vendor_id=NV43FIX,kvm=off'\n  vga:\n  - enabled: true\n    type: std\n  hostpci_list:\n  - device: \"hostpci0\"\n    id: \"0000:01:00\"\n    pcie: true\n  cpu:\n  - cores: 2\n    type: \"host\"\n    flags:\n    - \"+pcid\"\n  kvm_arguments: \"-cpu 'host,+kvm_pv_unhalt,+kvm_pv_eoi,hv_vendor_id=NV43FIX,kvm=off'\"\n- name: \"vm-9902\"\n  vm_id: 9902\n  network_device_list:\n  - mac_address: \"00:00:00:00:99:02\"\n  operating_system:\n  - type: \"l26\"\n  vga:\n  - enabled: true\n    type: std\n  hostpci_list: {}\n  cpu: {}\n  kvm_arguments: \"\"\n",
            "content_base64": "LS0tCnZpcnR1YWxfbWFjaGluZV9nbG9iYWxzOgogIG5vZGVfbmFtZTogInB2ZSIKICBkZXNjcmlwdGlvbjogIk1hbmFnZWQgYnkgVGVycmFmb3JtIgogIGNsb25lX3ZtX2lkOiAxMDEKICBhZ2VudF9lbmFibGVkOiB0cnVlCiAgdGFnczoKICAtICJ0ZXJyYWZvcm0iCiAgLSAidWJ1bnR1IgoKdmlydHVhbF9tYWNoaW5lczoKLSBuYW1lOiAidm0tOTkwMSIKICB2bV9pZDogOTkwMQogIG5ldHdvcmtfZGV2aWNlX2xpc3Q6CiAgLSBtYWNfYWRkcmVzczogIjAwOjAwOjAwOjAwOjk5OjAxIgogIG9wZXJhdGluZ19zeXN0ZW06CiAgLSB0eXBlOiAibDI2IgogICMgV2hlbiB0ZXN0ZWQgd2l0aCBhIEdQVSB3aXRoIGEgUENJZSBCVVMgSUQgPSAiMDAwMDowMTowMCIsCiAgIyB0aGUgbWFudWFsIHdvcmtpbmcgc2V0dXAgaGFkIC9ldGMvcHZlL3FlbXUtc2VydmVyLzxWTV9JRD4uY29uZiBzaG93aW5nOgogICMgICBtYWNoaW5lOiBxMzUKICAjICAgYmlvczogb3ZtZgogICMgICBob3N0cGNpMDogMDAwMDowMTowMCxwY2llPTEKICAjICAgY3B1OiBob3N0LGhpZGRlbj0xLGZsYWdzPStwY2lkCiAgIyAgIGFyZ3M6IC1jcHUgJ2hvc3QsK2t2bV9wdl91bmhhbHQsK2t2bV9wdl9lb2ksaHZfdmVuZG9yX2lkPU5WNDNGSVgsa3ZtPW9mZicKICB2Z2E6CiAgLSBlbmFibGVkOiB0cnVlCiAgICB0eXBlOiBzdGQKICBob3N0cGNpX2xpc3Q6CiAgLSBkZXZpY2U6ICJob3N0cGNpMCIKICAgIGlkOiAiMDAwMDowMTowMCIKICAgIHBjaWU6IHRydWUKICBjcHU6CiAgLSBjb3JlczogMgogICAgdHlwZTogImhvc3QiCiAgICBmbGFnczoKICAgIC0gIitwY2lkIgogIGt2bV9hcmd1bWVudHM6ICItY3B1ICdob3N0LCtrdm1fcHZfdW5oYWx0LCtrdm1fcHZfZW9pLGh2X3ZlbmRvcl9pZD1OVjQzRklYLGt2bT1vZmYnIgotIG5hbWU6ICJ2bS05OTAyIgogIHZtX2lkOiA5OTAyCiAgbmV0d29ya19kZXZpY2VfbGlzdDoKICAtIG1hY19hZGRyZXNzOiAiMDA6MDA6MDA6MDA6OTk6MDIiCiAgb3BlcmF0aW5nX3N5c3RlbToKICAtIHR5cGU6ICJsMjYiCiAgdmdhOgogIC0gZW5hYmxlZDogdHJ1ZQogICAgdHlwZTogc3RkCiAgaG9zdHBjaV9saXN0OiB7fQogIGNwdToge30KICBrdm1fYXJndW1lbnRzOiAiIgo=",
            "content_base64sha256": "As9nmxZPx+JUqgwnhpN1Fx8GYb05333E8JJLi2qX7Ac=",
            "content_base64sha512": "as9jMZZVl5Fzapuhj18dq5MIzRp0UsGBDxCrdUqhx3vLcwRVcrrQaY+GDVpbYrUyNov/W44MEhSB0Z/z2EjobA==",
            "content_md5": "93c7efd4eb4ab9b1c835b058280889bf",
            "content_sha1": "d23712d42272a453dac6f3b4fc542100237a176d",
            "content_sha256": "02cf679b164fc7e254aa0c27869375171f0661bd39df7dc4f0924b8b6a97ec07",
            "content_sha512": "6acf633196559791736a9ba18f5f1dab9308cd1a7452c1810f10ab754aa1c77bcb73045572bad0698f860d5a5b62b532368bff5b8e0c121481d19ff3d848e86c",
            "filename": "config.yaml",
            "id": "d23712d42272a453dac6f3b4fc542100237a176d"
          },
          "sensitive_attributes": []
        }
      ]
    },
    {
      "mode": "managed",
      "type": "proxmox_virtual_environment_vm",
      "name": "vms",
      "provider": "provider[\"registry.terraform.io/bpg/proxmox\"]",
      "instances": [
        {
          "index_key": 0,
          "schema_version": 0,
          "attributes": {
            "acpi": true,
            "agent": [
              {
                "enabled": true,
                "timeout": "15m",
                "trim": false,
                "type": "virtio"
              }
            ],
            "audio_device": [],
            "bios": "ovmf",
            "boot_order": null,
            "cdrom": [],
            "clone": [
              {
                "datastore_id": "",
                "full": true,
                "node_name": "",
                "retries": 2,
                "vm_id": 101
              }
            ],
            "cpu": [
              {
                "architecture": "x86_64",
                "cores": 2,
                "flags": [
                  "+pcid"
                ],
                "hotplugged": 0,
                "numa": false,
                "sockets": 1,
                "type": "host",
                "units": 1024
              }
            ],
            "description": "Managed by Terraform",
            "disk": [],
            "efi_disk": [],
            "hostpci": [
              {
                "device": "hostpci0",
                "id": "0000:01:00",
                "mapping": "",
                "mdev": "",
                "pcie": true,
                "rom_file": "",
                "rombar": false,
                "xvga": false
              }
            ],
            "id": "9901",
            "initialization": [],
            "ipv4_addresses": [
              [
                "127.0.0.1"
              ],
              [
                "192.168.3.201"
              ]
            ],
            "ipv6_addresses": [
              [
                "::1"
              ],
              [
                "fe80::200:ff:fe00:9901"
              ]
            ],
            "keyboard_layout": "en-us",
            "kvm_arguments": "-cpu 'host,+kvm_pv_unhalt,+kvm_pv_eoi,hv_vendor_id=NV43FIX,kvm=off'",
            "mac_addresses": [
              "00:00:00:00:00:00",
              "00:00:00:00:99:01"
            ],
            "machine": "q35",
            "memory": [],
            "migrate": false,
            "name": "vm-9901",
            "network_device": [
              {
                "bridge": "vmbr0",
                "enabled": true,
                "firewall": false,
                "mac_address": "00:00:00:00:99:01",
                "model": "virtio",
                "mtu": 0,
                "queues": 0,
                "rate_limit": 0,
                "vlan_id": 0
              }
            ],
            "network_interface_names": [
              "lo",
              "enp6s18"
            ],
            "node_name": "pve",
            "on_boot": true,
            "operating_system": [
              {
                "type": "l26"
              }
            ],
            "pool_id": null,
            "reboot": false,
            "scsi_hardware": "virtio-scsi-pci",
            "serial_device": [],
            "smbios": [],
            "started": true,
            "startup": [],
            "tablet_device": true,
            "tags": [
              "terraform",
              "ubuntu"
            ],
            "template": false,
            "timeout_clone": 1800,
            "timeout_create": 1800,
            "timeout_migrate": 1800,
            "timeout_move_disk": 1800,
            "timeout_reboot": 1800,
            "timeout_shutdown_vm": 1800,
            "timeout_start_vm": 1800,
            "timeout_stop_vm": 300,
            "usb": [],
            "vga": [
              {
                "enabled": true,
                "memory": 16,
                "type": "std"
              }
            ],
            "vm_id": 9901
          },
          "sensitive_attributes": [],
          "private": "bnVsbA==",
          "dependencies": [
            "data.local_file.config"
          ]
        },
        {
          "index_key": 1,
          "schema_version": 0,
          "attributes": {
            "acpi": true,
            "agent": [
              {
                "enabled": true,
                "timeout": "15m",
                "trim": false,
                "type": "virtio"
              }
            ],
            "audio_device": [],
            "bios": "ovmf",
            "boot_order": null,
            "cdrom": [],
            "clone": [
              {
                "datastore_id": "",
                "full": true,
                "node_name": "",
                "retries": 2,
                "vm_id": 101
              }
            ],
            "cpu": [],
            "description": "Managed by Terraform",
            "disk": [],
            "efi_disk": [],
            "hostpci": [],
            "id": "9902",
            "initialization": [],
            "ipv4_addresses": [
              [
                "127.0.0.1"
              ],
              [
                "192.168.3.189"
              ]
            ],
            "ipv6_addresses": [
              [
                "::1"
              ],
              [
                "fe80::200:ff:fe00:9902"
              ]
            ],
            "keyboard_layout": "en-us",
            "kvm_arguments": "",
            "mac_addresses": [
              "00:00:00:00:00:00",
              "00:00:00:00:99:02"
            ],
            "machine": "q35",
            "memory": [],
            "migrate": false,
            "name": "vm-9902",
            "network_device": [
              {
                "bridge": "vmbr0",
                "enabled": true,
                "firewall": false,
                "mac_address": "00:00:00:00:99:02",
                "model": "virtio",
                "mtu": 0,
                "queues": 0,
                "rate_limit": 0,
                "vlan_id": 0
              }
            ],
            "network_interface_names": [
              "lo",
              "enp6s18"
            ],
            "node_name": "pve",
            "on_boot": true,
            "operating_system": [
              {
                "type": "l26"
              }
            ],
            "pool_id": null,
            "reboot": false,
            "scsi_hardware": "virtio-scsi-pci",
            "serial_device": [],
            "smbios": [],
            "started": true,
            "startup": [],
            "tablet_device": true,
            "tags": [
              "terraform",
              "ubuntu"
            ],
            "template": false,
            "timeout_clone": 1800,
            "timeout_create": 1800,
            "timeout_migrate": 1800,
            "timeout_move_disk": 1800,
            "timeout_reboot": 1800,
            "timeout_shutdown_vm": 1800,
            "timeout_start_vm": 1800,
            "timeout_stop_vm": 300,
            "usb": [],
            "vga": [
              {
                "enabled": true,
                "memory": 16,
                "type": "std"
              }
            ],
            "vm_id": 9902
          },
          "sensitive_attributes": [],
          "private": "bnVsbA==",
          "dependencies": [
            "data.local_file.config"
          ]
        }
      ]
    }
  ],
  "check_results": null
}
