{
  "version": 4,
  "terraform_version": "1.6.3",
  "serial": 15,
  "lineage": "0fe296c9-93d6-6e2a-c739-c589a5d3809d",
  "outputs": {},
  "resources": [
    {
      "mode": "data",
      "type": "local_file",
      "name": "config",
      "provider": "provider[\"registry.terraform.io/hashicorp/local\"]",
      "instances": [
        {
          "schema_version": 0,
          "attributes": {
            "content": "---\n\nvirtual_machine_globals:\n  node_name: \"pve\"\n  description: \"Managed by Terraform\"\n  clone_vm_id: 100\n  tags:\n  - \"terraform\"\n  - \"ubuntu\"\n\nvirtual_machines:\n- name: \"vm-9901\"\n  vm_id: 9901\n  mac_address: \"00:00:00:00:99:01\"\n- name: \"vm-9902\"\n  vm_id: 9902\n  mac_address: \"00:00:00:00:99:02\"\n\n",
            "content_base64": "LS0tCgp2aXJ0dWFsX21hY2hpbmVfZ2xvYmFsczoKICBub2RlX25hbWU6ICJwdmUiCiAgZGVzY3JpcHRpb246ICJNYW5hZ2VkIGJ5IFRlcnJhZm9ybSIKICBjbG9uZV92bV9pZDogMTAwCiAgdGFnczoKICAtICJ0ZXJyYWZvcm0iCiAgLSAidWJ1bnR1IgoKdmlydHVhbF9tYWNoaW5lczoKLSBuYW1lOiAidm0tOTkwMSIKICB2bV9pZDogOTkwMQogIG1hY19hZGRyZXNzOiAiMDA6MDA6MDA6MDA6OTk6MDEiCi0gbmFtZTogInZtLTk5MDIiCiAgdm1faWQ6IDk5MDIKICBtYWNfYWRkcmVzczogIjAwOjAwOjAwOjAwOjk5OjAyIgoK",
            "content_base64sha256": "ge7c+povPIOXFxSEXd8OhnzHPBxliGAfkVDJ41/VVLc=",
            "content_base64sha512": "K20IP1J9/pH2d1NAAQhqOrNfuzIE7OvtEPituXai14z6NCvkVjSv1U3m0INu3wJDfn8dE8B/hG3qCiIeq/+MHw==",
            "content_md5": "d0f4eb56a7aeed12eef2c5f6013bffd5",
            "content_sha1": "f7c6fe6853934d5cd8f112db11ee3641d9e7f12e",
            "content_sha256": "81eedcfa9a2f3c83971714845ddf0e867cc73c1c6588601f9150c9e35fd554b7",
            "content_sha512": "2b6d083f527dfe91f677534001086a3ab35fbb3204ecebed10f8adb976a2d78cfa342be45634afd54de6d0836edf02437e7f1d13c07f846dea0a221eabff8c1f",
            "filename": "config.yaml",
            "id": "f7c6fe6853934d5cd8f112db11ee3641d9e7f12e"
          },
          "sensitive_attributes": []
        }
      ]
    },
    {
      "mode": "managed",
      "type": "proxmox_virtual_environment_vm",
      "name": "ubuntu_vm",
      "provider": "provider[\"registry.terraform.io/bpg/proxmox\"]",
      "instances": [
        {
          "index_key": 0,
          "schema_version": 0,
          "attributes": {
            "acpi": true,
            "agent": [],
            "audio_device": [],
            "bios": "ovmf",
            "boot_order": null,
            "cdrom": [],
            "clone": [
              {
                "datastore_id": "",
                "full": true,
                "node_name": "",
                "retries": 2,
                "vm_id": 100
              }
            ],
            "cpu": [],
            "description": "Managed by Terraform",
            "disk": [],
            "efi_disk": [],
            "hostpci": [],
            "id": "9901",
            "initialization": [],
            "ipv4_addresses": [],
            "ipv6_addresses": [],
            "keyboard_layout": "en-us",
            "kvm_arguments": null,
            "mac_addresses": [
              "00:00:00:00:99:01"
            ],
            "machine": "q35",
            "memory": [],
            "migrate": false,
            "name": "vm-9901",
            "network_device": [
              {
                "bridge": "vmbr0",
                "enabled": true,
                "firewall": false,
                "mac_address": "00:00:00:00:99:01",
                "model": "virtio",
                "mtu": 0,
                "queues": 0,
                "rate_limit": 0,
                "vlan_id": 0
              }
            ],
            "network_interface_names": [],
            "node_name": "pve",
            "on_boot": true,
            "operating_system": [],
            "pool_id": null,
            "reboot": false,
            "scsi_hardware": "virtio-scsi-pci",
            "serial_device": [],
            "smbios": [],
            "started": true,
            "startup": [],
            "tablet_device": true,
            "tags": [
              "terraform",
              "ubuntu"
            ],
            "template": false,
            "timeout_clone": 1800,
            "timeout_create": 1800,
            "timeout_migrate": 1800,
            "timeout_move_disk": 1800,
            "timeout_reboot": 1800,
            "timeout_shutdown_vm": 1800,
            "timeout_start_vm": 1800,
            "timeout_stop_vm": 300,
            "usb": [],
            "vga": [],
            "vm_id": 9901
          },
          "sensitive_attributes": [],
          "private": "bnVsbA==",
          "dependencies": [
            "data.local_file.config"
          ]
        },
        {
          "index_key": 1,
          "schema_version": 0,
          "attributes": {
            "acpi": true,
            "agent": [],
            "audio_device": [],
            "bios": "ovmf",
            "boot_order": null,
            "cdrom": [],
            "clone": [
              {
                "datastore_id": "",
                "full": true,
                "node_name": "",
                "retries": 2,
                "vm_id": 100
              }
            ],
            "cpu": [],
            "description": "Managed by Terraform",
            "disk": [],
            "efi_disk": [],
            "hostpci": [],
            "id": "9902",
            "initialization": [],
            "ipv4_addresses": [],
            "ipv6_addresses": [],
            "keyboard_layout": "en-us",
            "kvm_arguments": null,
            "mac_addresses": [
              "00:00:00:00:99:02"
            ],
            "machine": "q35",
            "memory": [],
            "migrate": false,
            "name": "vm-9902",
            "network_device": [
              {
                "bridge": "vmbr0",
                "enabled": true,
                "firewall": false,
                "mac_address": "00:00:00:00:99:02",
                "model": "virtio",
                "mtu": 0,
                "queues": 0,
                "rate_limit": 0,
                "vlan_id": 0
              }
            ],
            "network_interface_names": [],
            "node_name": "pve",
            "on_boot": true,
            "operating_system": [],
            "pool_id": null,
            "reboot": false,
            "scsi_hardware": "virtio-scsi-pci",
            "serial_device": [],
            "smbios": [],
            "started": true,
            "startup": [],
            "tablet_device": true,
            "tags": [
              "terraform",
              "ubuntu"
            ],
            "template": false,
            "timeout_clone": 1800,
            "timeout_create": 1800,
            "timeout_migrate": 1800,
            "timeout_move_disk": 1800,
            "timeout_reboot": 1800,
            "timeout_shutdown_vm": 1800,
            "timeout_start_vm": 1800,
            "timeout_stop_vm": 300,
            "usb": [],
            "vga": [],
            "vm_id": 9902
          },
          "sensitive_attributes": [],
          "private": "bnVsbA==",
          "dependencies": [
            "data.local_file.config"
          ]
        }
      ]
    }
  ],
  "check_results": null
}
