{
  "version": 4,
  "terraform_version": "1.6.3",
  "serial": 200,
  "lineage": "0fe296c9-93d6-6e2a-c739-c589a5d3809d",
  "outputs": {
    "ip_list": {
      "value": [
        [
          [
            [
              "127.0.0.1"
            ],
            [
              "192.168.3.201"
            ]
          ],
          [
            [
              "127.0.0.1"
            ],
            [
              "192.168.3.189"
            ]
          ]
        ]
      ],
      "type": [
        "tuple",
        [
          [
            "tuple",
            [
              [
                "list",
                [
                  "list",
                  "string"
                ]
              ],
              [
                "list",
                [
                  "list",
                  "string"
                ]
              ]
            ]
          ]
        ]
      ]
    }
  },
  "resources": [
    {
      "mode": "data",
      "type": "local_file",
      "name": "config",
      "provider": "provider[\"registry.terraform.io/hashicorp/local\"]",
      "instances": [
        {
          "schema_version": 0,
          "attributes": {
            "content": "---\nvirtual_machine_globals:\n  node_name: \"pve\"\n  description: \"Managed by Terraform\"\n  tags:\n  - \"terraform\"\n  - \"ubuntu\"\n\nvirtual_machines:\n- description: \"node A\"\n  tags:\n  - \"gpu-nvidia\"\n  name: \"vm-9901\"\n  vm_id: 9901\n  network_device_list:\n  - mac_address: \"00:00:00:00:99:01\"\n  clone:\n  - vm_id: 101\n  agent:\n  - enabled: true\n  operating_system:\n  - type: \"l26\"\n  vga:\n  - enabled: true\n    type: std\n  ################################################################################\n  # GPU PASS-THROUGH: START\n  ################################################################################\n  # Document a working GPU pass-through config.\n  # When the Nvidia GPU has a PCIe BUS ID = \"0000:01:00\",\n  # etc/pve/qemu-server/\u003cVM_ID\u003e.conf contained:\n  #   machine: q35\n  #   bios: ovmf\n  #   hostpci0: 0000:01:00,pcie=1\n  #   cpu: host,hidden=1,flags=+pcid\n  #   args: -cpu 'host,+kvm_pv_unhalt,+kvm_pv_eoi,hv_vendor_id=NV43FIX,kvm=off'\n  hostpci_list:\n  - device: \"hostpci0\"\n    id: \"0000:01:00\"\n    pcie: true\n  cpu:\n  - cores: 2\n    type: \"host\"\n    flags:\n    - \"+pcid\"\n  kvm_arguments: \"-cpu 'host,+kvm_pv_unhalt,+kvm_pv_eoi,hv_vendor_id=NV43FIX,kvm=off'\"\n  ################################################################################\n  # GPU PASS-THROUGH: END\n  ################################################################################\n  disk_list: # Skipping \u003cdisk-type\u003e0 since the first disk is for the OS\n  - interface: \"scsi1\"\n    file_format: \"raw\"\n    size: 9\n    ssd: true\n  - interface: \"scsi2\"\n    file_format: \"raw\"\n    size: 10\n    ssd: false\n  - interface: \"virtio1\"\n    file_format: \"raw\"\n    size: 11\n    ssd: true\n  - interface: \"virtio2\"\n    file_format: \"raw\"\n    size: 12\n    ssd: false\n- description: \"node B\"\n  tags:\n  - \"gpu-none\"\n  name: \"vm-9902\"\n  vm_id: 9902\n  network_device_list:\n  - mac_address: \"00:00:00:00:99:02\"\n  clone:\n  - vm_id: 101\n  agent:\n  - enabled: true\n  operating_system:\n  - type: \"l26\"\n  vga:\n  - enabled: true\n    type: std\n  hostpci_list: {}\n  cpu: {}\n  kvm_arguments: \"\"\n  disk_list: {}\n",
            "content_base64": "LS0tCnZpcnR1YWxfbWFjaGluZV9nbG9iYWxzOgogIG5vZGVfbmFtZTogInB2ZSIKICBkZXNjcmlwdGlvbjogIk1hbmFnZWQgYnkgVGVycmFmb3JtIgogIHRhZ3M6CiAgLSAidGVycmFmb3JtIgogIC0gInVidW50dSIKCnZpcnR1YWxfbWFjaGluZXM6Ci0gZGVzY3JpcHRpb246ICJub2RlIEEiCiAgdGFnczoKICAtICJncHUtbnZpZGlhIgogIG5hbWU6ICJ2bS05OTAxIgogIHZtX2lkOiA5OTAxCiAgbmV0d29ya19kZXZpY2VfbGlzdDoKICAtIG1hY19hZGRyZXNzOiAiMDA6MDA6MDA6MDA6OTk6MDEiCiAgY2xvbmU6CiAgLSB2bV9pZDogMTAxCiAgYWdlbnQ6CiAgLSBlbmFibGVkOiB0cnVlCiAgb3BlcmF0aW5nX3N5c3RlbToKICAtIHR5cGU6ICJsMjYiCiAgdmdhOgogIC0gZW5hYmxlZDogdHJ1ZQogICAgdHlwZTogc3RkCiAgIyMjIyMjIyMjIyMjIyMjIyMjIyMjIyMjIyMjIyMjIyMjIyMjIyMjIyMjIyMjIyMjIyMjIyMjIyMjIyMjIyMjIyMjIyMjIyMjIyMjIyMjIyMKICAjIEdQVSBQQVNTLVRIUk9VR0g6IFNUQVJUCiAgIyMjIyMjIyMjIyMjIyMjIyMjIyMjIyMjIyMjIyMjIyMjIyMjIyMjIyMjIyMjIyMjIyMjIyMjIyMjIyMjIyMjIyMjIyMjIyMjIyMjIyMjIyMKICAjIERvY3VtZW50IGEgd29ya2luZyBHUFUgcGFzcy10aHJvdWdoIGNvbmZpZy4KICAjIFdoZW4gdGhlIE52aWRpYSBHUFUgaGFzIGEgUENJZSBCVVMgSUQgPSAiMDAwMDowMTowMCIsCiAgIyBldGMvcHZlL3FlbXUtc2VydmVyLzxWTV9JRD4uY29uZiBjb250YWluZWQ6CiAgIyAgIG1hY2hpbmU6IHEzNQogICMgICBiaW9zOiBvdm1mCiAgIyAgIGhvc3RwY2kwOiAwMDAwOjAxOjAwLHBjaWU9MQogICMgICBjcHU6IGhvc3QsaGlkZGVuPTEsZmxhZ3M9K3BjaWQKICAjICAgYXJnczogLWNwdSAnaG9zdCwra3ZtX3B2X3VuaGFsdCwra3ZtX3B2X2VvaSxodl92ZW5kb3JfaWQ9TlY0M0ZJWCxrdm09b2ZmJwogIGhvc3RwY2lfbGlzdDoKICAtIGRldmljZTogImhvc3RwY2kwIgogICAgaWQ6ICIwMDAwOjAxOjAwIgogICAgcGNpZTogdHJ1ZQogIGNwdToKICAtIGNvcmVzOiAyCiAgICB0eXBlOiAiaG9zdCIKICAgIGZsYWdzOgogICAgLSAiK3BjaWQiCiAga3ZtX2FyZ3VtZW50czogIi1jcHUgJ2hvc3QsK2t2bV9wdl91bmhhbHQsK2t2bV9wdl9lb2ksaHZfdmVuZG9yX2lkPU5WNDNGSVgsa3ZtPW9mZiciCiAgIyMjIyMjIyMjIyMjIyMjIyMjIyMjIyMjIyMjIyMjIyMjIyMjIyMjIyMjIyMjIyMjIyMjIyMjIyMjIyMjIyMjIyMjIyMjIyMjIyMjIyMjIyMKICAjIEdQVSBQQVNTLVRIUk9VR0g6IEVORAogICMjIyMjIyMjIyMjIyMjIyMjIyMjIyMjIyMjIyMjIyMjIyMjIyMjIyMjIyMjIyMjIyMjIyMjIyMjIyMjIyMjIyMjIyMjIyMjIyMjIyMjIyMjCiAgZGlza19saXN0OiAjIFNraXBwaW5nIDxkaXNrLXR5cGU+MCBzaW5jZSB0aGUgZmlyc3QgZGlzayBpcyBmb3IgdGhlIE9TCiAgLSBpbnRlcmZhY2U6ICJzY3NpMSIKICAgIGZpbGVfZm9ybWF0OiAicmF3IgogICAgc2l6ZTogOQogICAgc3NkOiB0cnVlCiAgLSBpbnRlcmZhY2U6ICJzY3NpMiIKICAgIGZpbGVfZm9ybWF0OiAicmF3IgogICAgc2l6ZTogMTAKICAgIHNzZDogZmFsc2UKICAtIGludGVyZmFjZTogInZpcnRpbzEiCiAgICBmaWxlX2Zvcm1hdDogInJhdyIKICAgIHNpemU6IDExCiAgICBzc2Q6IHRydWUKICAtIGludGVyZmFjZTogInZpcnRpbzIiCiAgICBmaWxlX2Zvcm1hdDogInJhdyIKICAgIHNpemU6IDEyCiAgICBzc2Q6IGZhbHNlCi0gZGVzY3JpcHRpb246ICJub2RlIEIiCiAgdGFnczoKICAtICJncHUtbm9uZSIKICBuYW1lOiAidm0tOTkwMiIKICB2bV9pZDogOTkwMgogIG5ldHdvcmtfZGV2aWNlX2xpc3Q6CiAgLSBtYWNfYWRkcmVzczogIjAwOjAwOjAwOjAwOjk5OjAyIgogIGNsb25lOgogIC0gdm1faWQ6IDEwMQogIGFnZW50OgogIC0gZW5hYmxlZDogdHJ1ZQogIG9wZXJhdGluZ19zeXN0ZW06CiAgLSB0eXBlOiAibDI2IgogIHZnYToKICAtIGVuYWJsZWQ6IHRydWUKICAgIHR5cGU6IHN0ZAogIGhvc3RwY2lfbGlzdDoge30KICBjcHU6IHt9CiAga3ZtX2FyZ3VtZW50czogIiIKICBkaXNrX2xpc3Q6IHt9Cg==",
            "content_base64sha256": "rkVjWPjhXtXZbYgWgASG7rZkwCTEM4NGDgmd0RIvdzM=",
            "content_base64sha512": "Ff2ECkaMW2Kd69I+5BfHnLPocjxJ+5ZjeFoQdG6iabhQqa1Q58kjiftcbomHdZOk4sErh9UbiCTm70676ASINQ==",
            "content_md5": "7529448741c17dc7ae99591ab228f64e",
            "content_sha1": "b31d20c519a70a0e1a73d2a8e16f92a3acd10301",
            "content_sha256": "ae456358f8e15ed5d96d8816800486eeb664c024c43383460e099dd1122f7733",
            "content_sha512": "15fd840a468c5b629debd23ee417c79cb3e8723c49fb9663785a10746ea269b850a9ad50e7c92389fb5c6e89877593a4e2c12b87d51b8824e6ef4ebbe8048835",
            "filename": "config.yaml",
            "id": "b31d20c519a70a0e1a73d2a8e16f92a3acd10301"
          },
          "sensitive_attributes": []
        }
      ]
    },
    {
      "mode": "managed",
      "type": "proxmox_virtual_environment_vm",
      "name": "vms",
      "provider": "provider[\"registry.terraform.io/bpg/proxmox\"]",
      "instances": [
        {
          "index_key": 0,
          "schema_version": 0,
          "attributes": {
            "acpi": true,
            "agent": [
              {
                "enabled": true,
                "timeout": "15m",
                "trim": false,
                "type": "virtio"
              }
            ],
            "audio_device": [],
            "bios": "ovmf",
            "boot_order": null,
            "cdrom": [],
            "clone": [
              {
                "datastore_id": "",
                "full": true,
                "node_name": "",
                "retries": 2,
                "vm_id": 101
              }
            ],
            "cpu": [
              {
                "architecture": "x86_64",
                "cores": 2,
                "flags": [
                  "+pcid"
                ],
                "hotplugged": 0,
                "numa": false,
                "sockets": 1,
                "type": "host",
                "units": 1024
              }
            ],
            "description": "Managed by Terraform:node A",
            "disk": [
              {
                "cache": "none",
                "datastore_id": "local-dir",
                "discard": "",
                "file_format": "qcow2",
                "file_id": "",
                "interface": "scsi0",
                "iothread": true,
                "path_in_datastore": "9901/vm-9901-disk-0.qcow2",
                "size": 200,
                "speed": [],
                "ssd": true
              },
              {
                "cache": "none",
                "datastore_id": "local-lvm",
                "discard": "",
                "file_format": "raw",
                "file_id": "",
                "interface": "scsi1",
                "iothread": false,
                "path_in_datastore": "vm-9901-disk-0",
                "size": 9,
                "speed": [],
                "ssd": true
              },
              {
                "cache": "none",
                "datastore_id": "local-lvm",
                "discard": "",
                "file_format": "raw",
                "file_id": "",
                "interface": "scsi2",
                "iothread": false,
                "path_in_datastore": "vm-9901-disk-1",
                "size": 10,
                "speed": [],
                "ssd": false
              },
              {
                "cache": "none",
                "datastore_id": "local-lvm",
                "discard": "",
                "file_format": "raw",
                "file_id": "",
                "interface": "virtio1",
                "iothread": false,
                "path_in_datastore": "vm-9901-disk-2",
                "size": 11,
                "speed": [],
                "ssd": false
              },
              {
                "cache": "none",
                "datastore_id": "local-lvm",
                "discard": "",
                "file_format": "raw",
                "file_id": "",
                "interface": "virtio2",
                "iothread": false,
                "path_in_datastore": "vm-9901-disk-3",
                "size": 12,
                "speed": [],
                "ssd": false
              }
            ],
            "efi_disk": [],
            "hostpci": [
              {
                "device": "hostpci0",
                "id": "0000:01:00",
                "mapping": "",
                "mdev": "",
                "pcie": true,
                "rom_file": "",
                "rombar": false,
                "xvga": false
              }
            ],
            "id": "9901",
            "initialization": [],
            "ipv4_addresses": [
              [
                "127.0.0.1"
              ],
              [
                "192.168.3.201"
              ]
            ],
            "ipv6_addresses": [
              [
                "::1"
              ],
              [
                "fe80::200:ff:fe00:9901"
              ]
            ],
            "keyboard_layout": "en-us",
            "kvm_arguments": "-cpu 'host,+kvm_pv_unhalt,+kvm_pv_eoi,hv_vendor_id=NV43FIX,kvm=off'",
            "mac_addresses": [
              "00:00:00:00:00:00",
              "00:00:00:00:99:01"
            ],
            "machine": "q35",
            "memory": [],
            "migrate": false,
            "name": "vm-9901",
            "network_device": [
              {
                "bridge": "vmbr0",
                "enabled": true,
                "firewall": false,
                "mac_address": "00:00:00:00:99:01",
                "model": "virtio",
                "mtu": 0,
                "queues": 0,
                "rate_limit": 0,
                "vlan_id": 0
              }
            ],
            "network_interface_names": [
              "lo",
              "enp6s18"
            ],
            "node_name": "pve",
            "on_boot": true,
            "operating_system": [
              {
                "type": "l26"
              }
            ],
            "pool_id": null,
            "reboot": false,
            "scsi_hardware": "virtio-scsi-pci",
            "serial_device": [],
            "smbios": [],
            "started": true,
            "startup": [],
            "tablet_device": true,
            "tags": [
              "gpu-nvidia",
              "terraform",
              "ubuntu"
            ],
            "template": false,
            "timeout_clone": 1800,
            "timeout_create": 1800,
            "timeout_migrate": 1800,
            "timeout_move_disk": 1800,
            "timeout_reboot": 1800,
            "timeout_shutdown_vm": 1800,
            "timeout_start_vm": 1800,
            "timeout_stop_vm": 300,
            "usb": [],
            "vga": [
              {
                "enabled": true,
                "memory": 16,
                "type": "std"
              }
            ],
            "vm_id": 9901
          },
          "sensitive_attributes": [],
          "private": "bnVsbA==",
          "dependencies": [
            "data.local_file.config"
          ]
        },
        {
          "index_key": 1,
          "schema_version": 0,
          "attributes": {
            "acpi": true,
            "agent": [
              {
                "enabled": true,
                "timeout": "15m",
                "trim": false,
                "type": "virtio"
              }
            ],
            "audio_device": [],
            "bios": "ovmf",
            "boot_order": null,
            "cdrom": [],
            "clone": [
              {
                "datastore_id": "",
                "full": true,
                "node_name": "",
                "retries": 2,
                "vm_id": 101
              }
            ],
            "cpu": [],
            "description": "Managed by Terraform:node B",
            "disk": [],
            "efi_disk": [],
            "hostpci": [],
            "id": "9902",
            "initialization": [],
            "ipv4_addresses": [
              [
                "127.0.0.1"
              ],
              [
                "192.168.3.189"
              ]
            ],
            "ipv6_addresses": [
              [
                "::1"
              ],
              [
                "fe80::200:ff:fe00:9902"
              ]
            ],
            "keyboard_layout": "en-us",
            "kvm_arguments": "",
            "mac_addresses": [
              "00:00:00:00:00:00",
              "00:00:00:00:99:02"
            ],
            "machine": "q35",
            "memory": [],
            "migrate": false,
            "name": "vm-9902",
            "network_device": [
              {
                "bridge": "vmbr0",
                "enabled": true,
                "firewall": false,
                "mac_address": "00:00:00:00:99:02",
                "model": "virtio",
                "mtu": 0,
                "queues": 0,
                "rate_limit": 0,
                "vlan_id": 0
              }
            ],
            "network_interface_names": [
              "lo",
              "enp6s18"
            ],
            "node_name": "pve",
            "on_boot": true,
            "operating_system": [
              {
                "type": "l26"
              }
            ],
            "pool_id": null,
            "reboot": false,
            "scsi_hardware": "virtio-scsi-pci",
            "serial_device": [],
            "smbios": [],
            "started": true,
            "startup": [],
            "tablet_device": true,
            "tags": [
              "gpu-none",
              "terraform",
              "ubuntu"
            ],
            "template": false,
            "timeout_clone": 1800,
            "timeout_create": 1800,
            "timeout_migrate": 1800,
            "timeout_move_disk": 1800,
            "timeout_reboot": 1800,
            "timeout_shutdown_vm": 1800,
            "timeout_start_vm": 1800,
            "timeout_stop_vm": 300,
            "usb": [],
            "vga": [
              {
                "enabled": true,
                "memory": 16,
                "type": "std"
              }
            ],
            "vm_id": 9902
          },
          "sensitive_attributes": [],
          "private": "bnVsbA==",
          "dependencies": [
            "data.local_file.config"
          ]
        }
      ]
    }
  ],
  "check_results": null
}
