{
  "version": 4,
  "terraform_version": "1.5.2",
  "serial": 120,
  "lineage": "078981f9-b984-48c3-b0c3-2694bc50de57",
  "outputs": {},
  "resources": [
    {
      "mode": "managed",
      "type": "maas_instance",
      "name": "kvm",
      "provider": "provider[\"registry.terraform.io/maas/maas\"]",
      "instances": [
        {
          "index_key": 0,
          "schema_version": 0,
          "attributes": {
            "allocate_params": [
              {
                "hostname": "oryx-1",
                "min_cpu_count": 0,
                "min_memory": 0,
                "pool": "",
                "tags": [],
                "zone": ""
              }
            ],
            "cpu_count": 1,
            "deploy_params": [
              {
                "distro_series": "jammy",
                "enable_hw_sync": false,
                "hwe_kernel": "",
                "user_data": ""
              }
            ],
            "fqdn": "oryx-1.maas",
            "hostname": "oryx-1",
            "id": "ssgpa8",
            "ip_addresses": [
              "192.168.3.45"
            ],
            "memory": 2048,
            "network_interfaces": [],
            "pool": "kvm_vm",
            "tags": [
              "pod-console-logging",
              "virtual"
            ],
            "timeouts": null,
            "zone": "default"
          },
          "sensitive_attributes": [],
          "private": "eyJlMmJmYjczMC1lY2FhLTExZTYtOGY4OC0zNDM2M2JjN2M0YzAiOnsiY3JlYXRlIjoxMjAwMDAwMDAwMDAwfX0=",
          "dependencies": [
            "maas_machine.m_1",
            "maas_vm_host.virsh_1",
            "maas_vm_host_machine.kvm_1"
          ]
        },
        {
          "index_key": 1,
          "schema_version": 0,
          "attributes": {
            "allocate_params": [
              {
                "hostname": "oryx-2",
                "min_cpu_count": 0,
                "min_memory": 0,
                "pool": "",
                "tags": [],
                "zone": ""
              }
            ],
            "cpu_count": 1,
            "deploy_params": [
              {
                "distro_series": "jammy",
                "enable_hw_sync": false,
                "hwe_kernel": "",
                "user_data": ""
              }
            ],
            "fqdn": "oryx-2.maas",
            "hostname": "oryx-2",
            "id": "tr364t",
            "ip_addresses": [
              "192.168.3.47"
            ],
            "memory": 2048,
            "network_interfaces": [],
            "pool": "kvm_vm",
            "tags": [
              "pod-console-logging",
              "virtual"
            ],
            "timeouts": null,
            "zone": "default"
          },
          "sensitive_attributes": [],
          "private": "eyJlMmJmYjczMC1lY2FhLTExZTYtOGY4OC0zNDM2M2JjN2M0YzAiOnsiY3JlYXRlIjoxMjAwMDAwMDAwMDAwfX0=",
          "dependencies": [
            "maas_machine.m_1",
            "maas_vm_host.virsh_1",
            "maas_vm_host_machine.kvm_1"
          ]
        },
        {
          "index_key": 2,
          "schema_version": 0,
          "attributes": {
            "allocate_params": [
              {
                "hostname": "oryx-3",
                "min_cpu_count": 0,
                "min_memory": 0,
                "pool": "",
                "tags": [],
                "zone": ""
              }
            ],
            "cpu_count": 1,
            "deploy_params": [
              {
                "distro_series": "jammy",
                "enable_hw_sync": false,
                "hwe_kernel": "",
                "user_data": ""
              }
            ],
            "fqdn": "oryx-3.maas",
            "hostname": "oryx-3",
            "id": "skrwp6",
            "ip_addresses": [
              "192.168.3.46"
            ],
            "memory": 2048,
            "network_interfaces": [],
            "pool": "kvm_vm",
            "tags": [
              "pod-console-logging",
              "virtual"
            ],
            "timeouts": null,
            "zone": "default"
          },
          "sensitive_attributes": [],
          "private": "eyJlMmJmYjczMC1lY2FhLTExZTYtOGY4OC0zNDM2M2JjN2M0YzAiOnsiY3JlYXRlIjoxMjAwMDAwMDAwMDAwfX0=",
          "dependencies": [
            "maas_machine.m_1",
            "maas_vm_host.virsh_1",
            "maas_vm_host_machine.kvm_1"
          ]
        }
      ]
    },
    {
      "mode": "managed",
      "type": "maas_instance",
      "name": "kvm_2",
      "provider": "provider[\"registry.terraform.io/maas/maas\"]",
      "instances": [
        {
          "index_key": 0,
          "schema_version": 0,
          "attributes": {
            "allocate_params": [
              {
                "hostname": "nuc-1",
                "min_cpu_count": 0,
                "min_memory": 0,
                "pool": "",
                "tags": [],
                "zone": ""
              }
            ],
            "cpu_count": 1,
            "deploy_params": [
              {
                "distro_series": "jammy",
                "enable_hw_sync": false,
                "hwe_kernel": "",
                "user_data": ""
              }
            ],
            "fqdn": "nuc-1.maas",
            "hostname": "nuc-1",
            "id": "hkrp6p",
            "ip_addresses": [
              "192.168.3.55"
            ],
            "memory": 2048,
            "network_interfaces": [],
            "pool": "kvm_vm",
            "tags": [
              "pod-console-logging",
              "virtual"
            ],
            "timeouts": null,
            "zone": "default"
          },
          "sensitive_attributes": [],
          "private": "eyJlMmJmYjczMC1lY2FhLTExZTYtOGY4OC0zNDM2M2JjN2M0YzAiOnsiY3JlYXRlIjoxMjAwMDAwMDAwMDAwfX0=",
          "dependencies": [
            "maas_vm_host_machine.kvm_2"
          ]
        },
        {
          "index_key": 1,
          "schema_version": 0,
          "attributes": {
            "allocate_params": [
              {
                "hostname": "nuc-2",
                "min_cpu_count": 0,
                "min_memory": 0,
                "pool": "",
                "tags": [],
                "zone": ""
              }
            ],
            "cpu_count": 1,
            "deploy_params": [
              {
                "distro_series": "jammy",
                "enable_hw_sync": false,
                "hwe_kernel": "",
                "user_data": ""
              }
            ],
            "fqdn": "nuc-2.maas",
            "hostname": "nuc-2",
            "id": "7rhdwb",
            "ip_addresses": [
              "192.168.3.56"
            ],
            "memory": 2048,
            "network_interfaces": [],
            "pool": "kvm_vm",
            "tags": [
              "pod-console-logging",
              "virtual"
            ],
            "timeouts": null,
            "zone": "default"
          },
          "sensitive_attributes": [],
          "private": "eyJlMmJmYjczMC1lY2FhLTExZTYtOGY4OC0zNDM2M2JjN2M0YzAiOnsiY3JlYXRlIjoxMjAwMDAwMDAwMDAwfX0=",
          "dependencies": [
            "maas_vm_host_machine.kvm_2"
          ]
        }
      ]
    },
    {
      "mode": "managed",
      "type": "maas_machine",
      "name": "m_1",
      "provider": "provider[\"registry.terraform.io/maas/maas\"]",
      "instances": [
        {
          "index_key": 0,
          "schema_version": 0,
          "attributes": {
            "architecture": "amd64/generic",
            "domain": "maas",
            "hostname": "oryx",
            "id": "fg4ted",
            "min_hwe_kernel": "",
            "pool": "KVM-Hosts",
            "power_parameters": null,
            "power_type": "manual",
            "pxe_mac_address": "80:FA:5B:74:F0:FC",
            "timeouts": null,
            "zone": "default"
          },
          "sensitive_attributes": [],
          "private": "eyJlMmJmYjczMC1lY2FhLTExZTYtOGY4OC0zNDM2M2JjN2M0YzAiOnsiY3JlYXRlIjoxMjAwMDAwMDAwMDAwfX0="
        }
      ]
    },
    {
      "mode": "managed",
      "type": "maas_tag",
      "name": "kvm",
      "provider": "provider[\"registry.terraform.io/maas/maas\"]",
      "instances": [
        {
          "schema_version": 0,
          "attributes": {
            "id": "KVM",
            "machines": null,
            "name": "KVM"
          },
          "sensitive_attributes": [],
          "private": "bnVsbA=="
        }
      ]
    },
    {
      "mode": "managed",
      "type": "maas_tag",
      "name": "physical",
      "provider": "provider[\"registry.terraform.io/maas/maas\"]",
      "instances": [
        {
          "schema_version": 0,
          "attributes": {
            "id": "PHYSICAL",
            "machines": null,
            "name": "PHYSICAL"
          },
          "sensitive_attributes": [],
          "private": "bnVsbA=="
        }
      ]
    },
    {
      "mode": "managed",
      "type": "maas_vm_host",
      "name": "virsh_1",
      "provider": "provider[\"registry.terraform.io/maas/maas\"]",
      "instances": [
        {
          "index_key": 0,
          "schema_version": 0,
          "attributes": {
            "cpu_over_commit_ratio": 1,
            "default_macvlan_mode": "",
            "id": "64",
            "machine": "fg4ted",
            "memory_over_commit_ratio": 1,
            "name": "oryx-host",
            "pool": "virsh_hosts",
            "power_address": null,
            "power_pass": null,
            "power_user": null,
            "resources_cores_total": 12,
            "resources_local_storage_total": 982821621760,
            "resources_memory_total": 64018,
            "tags": [
              "pod-console-logging",
              "virtual"
            ],
            "type": "virsh",
            "zone": "default"
          },
          "sensitive_attributes": [],
          "private": "bnVsbA==",
          "dependencies": [
            "maas_machine.m_1"
          ]
        }
      ]
    },
    {
      "mode": "managed",
      "type": "maas_vm_host_machine",
      "name": "kvm_1",
      "provider": "provider[\"registry.terraform.io/maas/maas\"]",
      "instances": [
        {
          "index_key": 0,
          "schema_version": 0,
          "attributes": {
            "cores": 1,
            "domain": "maas",
            "hostname": "oryx-1",
            "id": "ssgpa8",
            "memory": 2048,
            "network_interfaces": [],
            "pinned_cores": null,
            "pool": "kvm_vm",
            "storage_disks": [
              {
                "pool": "",
                "size_gigabytes": 50
              }
            ],
            "vm_host": "64",
            "zone": "default"
          },
          "sensitive_attributes": [],
          "private": "bnVsbA==",
          "dependencies": [
            "maas_machine.m_1",
            "maas_vm_host.virsh_1"
          ]
        },
        {
          "index_key": 1,
          "schema_version": 0,
          "attributes": {
            "cores": 1,
            "domain": "maas",
            "hostname": "oryx-2",
            "id": "tr364t",
            "memory": 2048,
            "network_interfaces": [],
            "pinned_cores": null,
            "pool": "kvm_vm",
            "storage_disks": [
              {
                "pool": "",
                "size_gigabytes": 50
              }
            ],
            "vm_host": "64",
            "zone": "default"
          },
          "sensitive_attributes": [],
          "private": "bnVsbA==",
          "dependencies": [
            "maas_machine.m_1",
            "maas_vm_host.virsh_1"
          ]
        },
        {
          "index_key": 2,
          "schema_version": 0,
          "attributes": {
            "cores": 1,
            "domain": "maas",
            "hostname": "oryx-3",
            "id": "skrwp6",
            "memory": 2048,
            "network_interfaces": [],
            "pinned_cores": null,
            "pool": "kvm_vm",
            "storage_disks": [
              {
                "pool": "",
                "size_gigabytes": 50
              }
            ],
            "vm_host": "64",
            "zone": "default"
          },
          "sensitive_attributes": [],
          "private": "bnVsbA==",
          "dependencies": [
            "maas_machine.m_1",
            "maas_vm_host.virsh_1"
          ]
        }
      ]
    },
    {
      "mode": "managed",
      "type": "maas_vm_host_machine",
      "name": "kvm_2",
      "provider": "provider[\"registry.terraform.io/maas/maas\"]",
      "instances": [
        {
          "index_key": 0,
          "schema_version": 0,
          "attributes": {
            "cores": 1,
            "domain": "maas",
            "hostname": "nuc-1",
            "id": "hkrp6p",
            "memory": 2048,
            "network_interfaces": [],
            "pinned_cores": null,
            "pool": "kvm_vm",
            "storage_disks": [
              {
                "pool": "",
                "size_gigabytes": 50
              }
            ],
            "vm_host": "nuc",
            "zone": "default"
          },
          "sensitive_attributes": [],
          "private": "bnVsbA=="
        },
        {
          "index_key": 1,
          "schema_version": 0,
          "attributes": {
            "cores": 1,
            "domain": "maas",
            "hostname": "nuc-2",
            "id": "7rhdwb",
            "memory": 2048,
            "network_interfaces": [],
            "pinned_cores": null,
            "pool": "kvm_vm",
            "storage_disks": [
              {
                "pool": "",
                "size_gigabytes": 50
              }
            ],
            "vm_host": "nuc",
            "zone": "default"
          },
          "sensitive_attributes": [],
          "private": "bnVsbA=="
        }
      ]
    }
  ],
  "check_results": null
}
